{
  "originHash" : "66d8458ce04aac5f435d2e930a7c60eee672f8edf6b89859796c130e6e0988c0",
  "pins" : [
    {
      "identity" : "kingfisher",
      "kind" : "remoteSourceControl",
      "location" : "https://github.com/onevcat/Kingfisher.git",
      "state" : {
        "revision" : "dd3c422ec3088404d6f7e8c905a8318b3de12d6f",
        "version" : "8.6.0"
      }
    }
  ],
  "version" : 3
}
