// !$*UTF8*$!
{
	archiveVersion = 1;
	classes = {
	};
	objectVersion = 77;
	objects = {

/* Begin PBXBuildFile section */
		T3ST00000001BU1LDF1L30001 /* APIClientTests.swift in Sources */ = {isa = PBXBuildFile; fileRef = T3ST00000001F1L3R3F00001 /* APIClientTests.swift */; };
		T3ST00000001BU1LDF1L30002 /* ErrorHandlingTests.swift in Sources */ = {isa = PBXBuildFile; fileRef = T3ST00000001F1L3R3F00002 /* ErrorHandlingTests.swift */; };
		T3ST00000001BU1LDF1L30003 /* AuthenticationManagerTests.swift in Sources */ = {isa = PBXBuildFile; fileRef = T3ST00000001F1L3R3F00003 /* AuthenticationManagerTests.swift */; };
		T3ST00000001BU1LDF1L30004 /* IdentityServiceTests.swift in Sources */ = {isa = PBXBuildFile; fileRef = T3ST00000001F1L3R3F00004 /* IdentityServiceTests.swift */; };
		T3ST00000001BU1LDF1L30005 /* MockURLProtocol.swift in Sources */ = {isa = PBXBuildFile; fileRef = T3ST00000001F1L3R3F00005 /* MockURLProtocol.swift */; };
		T3ST00000001BU1LDF1L30006 /* TestFixtures.swift in Sources */ = {isa = PBXBuildFile; fileRef = T3ST00000001F1L3R3F00006 /* TestFixtures.swift */; };
		1M4GC4CH35RV1C3BU1LDF1L3 /* ImageCacheService.swift in Sources */ = {isa = PBXBuildFile; fileRef = 1M4GC4CH35RV1C3F1L3R3F01 /* ImageCacheService.swift */; };
		00131FB01A97D166FFA80E77 /* FeedLayoutConfig.swift in Sources */ = {isa = PBXBuildFile; fileRef = A4B4FB253EA63E86B9FD37C7 /* FeedLayoutConfig.swift */; };
		0110DBA1EA84032CDEA590D7 /* ChatService.swift in Sources */ = {isa = PBXBuildFile; fileRef = E8B1760D88CE8A2673D74AFB /* ChatService.swift */; };
		0192881506556BB11FF1C57D /* DesignTokens.swift in Sources */ = {isa = PBXBuildFile; fileRef = D040E1C8EF2FF6D6CBAAA5E3 /* DesignTokens.swift */; };
		02A9DB80B22101FDD66A033D /* MatrixBridgeService.swift in Sources */ = {isa = PBXBuildFile; fileRef = 234851800D447CF6CD504A1A /* MatrixBridgeService.swift */; };
		02A9DB80B22101FDD66A034E /* MatrixSSOManager.swift in Sources */ = {isa = PBXBuildFile; fileRef = 234851800D447CF6CD504A2B /* MatrixSSOManager.swift */; };
		053C8BF9C3C70329DFED17F2 /* ContentModels.swift in Sources */ = {isa = PBXBuildFile; fileRef = 7634AC3CDDF314F5F89CF059 /* ContentModels.swift */; };
		09D77F54E987AC76D5971878 /* NavigationManager.swift in Sources */ = {isa = PBXBuildFile; fileRef = 75EC152D81EC4B655AFC53A1 /* NavigationManager.swift */; };
		0CE35545BE0426ACFD947E22 /* CryptoCore.swift in Sources */ = {isa = PBXBuildFile; fileRef = FBBFF77645A4CF02AAB9B2E4 /* CryptoCore.swift */; };
		0E255AAE8F1562704602EDE8 /* DefaultAvatarView.swift in Sources */ = {isa = PBXBuildFile; fileRef = 803F96C26D9E8C040F88BC22 /* DefaultAvatarView.swift */; };
		0F27F8BA94B02A52810F5D84 /* AccountSwitcherSheet.swift in Sources */ = {isa = PBXBuildFile; fileRef = 5762CD35798707845E339714 /* AccountSwitcherSheet.swift */; };
		1183B659832CB30303FC0564 /* PhoneRegistrationView.swift in Sources */ = {isa = PBXBuildFile; fileRef = F413929E863DA61C476F44D6 /* PhoneRegistrationView.swift */; };
		124E367C3D6397C95405BDAF /* PostAsSelectionPanel.swift in Sources */ = {isa = PBXBuildFile; fileRef = 24CEFEAC014290526A9CD69E /* PostAsSelectionPanel.swift */; };
		162EEE7D84A7DE23589C45F0 /* ChatView.swift in Sources */ = {isa = PBXBuildFile; fileRef = 6D34F87E7DE783C7F956B76F /* ChatView.swift */; };
		162EEE7D84A7DE23589C45F1 /* ChatViewModel.swift in Sources */ = {isa = PBXBuildFile; fileRef = 6D34F87E7DE783C7F956B770 /* ChatViewModel.swift */; };
		1648C8ED60D353785E217E14 /* WriteView.swift in Sources */ = {isa = PBXBuildFile; fileRef = AF7C3F1FF4F4ED65A51E66E2 /* WriteView.swift */; };
		16A00A9F355364B31163C73B /* CarouselView.swift in Sources */ = {isa = PBXBuildFile; fileRef = A94850235E23697D1EF6503B /* CarouselView.swift */; };
		17BADB88A6299F21878B9602 /* CarouselCardItem.swift in Sources */ = {isa = PBXBuildFile; fileRef = B140AB4127BB17B46A837D83 /* CarouselCardItem.swift */; };
		18CB186E9A47D1322F9492F3 /* WelcomeView.swift in Sources */ = {isa = PBXBuildFile; fileRef = D661B4DD0C4067F3F4F871A5 /* WelcomeView.swift */; };
		1998987BB31CAA5C9AB84774 /* AudioRecorderService.swift in Sources */ = {isa = PBXBuildFile; fileRef = CEF8FF5474ACC090E1F95421 /* AudioRecorderService.swift */; };
		1B0B39712BE6D9281D5BF469 /* AppPage.swift in Sources */ = {isa = PBXBuildFile; fileRef = "TEMP_3EACCE73-911D-4DC5-B30F-5C1A27015ECB" /* AppPage.swift */; };
		22E0C78030CDE594A3351101 /* APIClient.swift in Sources */ = {isa = PBXBuildFile; fileRef = C793C66FA2BEB9095768AB8E /* APIClient.swift */; };
		2475D6EC167A437816556776 /* FeedViewModel.swift in Sources */ = {isa = PBXBuildFile; fileRef = D24DB2F8DFC6CEDA35F99370 /* FeedViewModel.swift */; };
		247E804A7F92D09EA2C7651D /* SearchModels.swift in Sources */ = {isa = PBXBuildFile; fileRef = 666C1CC1B615DC9DCDD053FA /* SearchModels.swift */; };
		25999654EF73AB23FD488809 /* KeychainService.swift in Sources */ = {isa = PBXBuildFile; fileRef = 3BF00417178D0B6283A9E6F3 /* KeychainService.swift */; };
		272598D330CF94B84DFC9650 /* QRCodeGenerator.swift in Sources */ = {isa = PBXBuildFile; fileRef = DD8FB047FFB30F2D43138A99 /* QRCodeGenerator.swift */; };
		29510E46949E636C6C54D4B1 /* HomeView.swift in Sources */ = {isa = PBXBuildFile; fileRef = FA73CC5E85BCBF50C09E9E70 /* HomeView.swift */; };
		29DB0ABE42B1A7356B8FD6F8 /* AppDelegate.swift in Sources */ = {isa = PBXBuildFile; fileRef = "TEMP_8DEC847E-2D57-4373-9B8E-83E7906CA3D9" /* AppDelegate.swift */; };
		2B3C1F85A7E47D750599DF9C /* SimpleCarouselView.swift in Sources */ = {isa = PBXBuildFile; fileRef = 1DBE05105D66034FFAE21C35 /* SimpleCarouselView.swift */; };
		2BBB5ECE93BB69A1726B21C2 /* CreateAccountView.swift in Sources */ = {isa = PBXBuildFile; fileRef = 36A22EF01EE6C23DBFD7BBE2 /* CreateAccountView.swift */; };
		30B4DE5EEC65B15F44D5A916 /* ConversationModels.swift in Sources */ = {isa = PBXBuildFile; fileRef = D513935D933B49861CE3742D /* ConversationModels.swift */; };
		3553BB6E62A9D150C65FA109 /* GenerateImage01View.swift in Sources */ = {isa = PBXBuildFile; fileRef = 9F361F5818CDB8EEB87330CB /* GenerateImage01View.swift */; };
		36197AA754ED191DC4253E52 /* FeedPostCard.swift in Sources */ = {isa = PBXBuildFile; fileRef = 0CF9EE837EC3996A27E70749 /* FeedPostCard.swift */; };
		389668DBBA1E8F73CFC86A09 /* DeviceModels.swift in Sources */ = {isa = PBXBuildFile; fileRef = 60F5C35AAB0D88AE0B2AB108 /* DeviceModels.swift */; };
		38D9B4683E0D9D955F1A127E /* VoiceChatService.swift in Sources */ = {isa = PBXBuildFile; fileRef = C152D2B6103F99C5EDD94543 /* VoiceChatService.swift */; };
		395113E5360AAA3CF258875A /* OAuthService.swift in Sources */ = {isa = PBXBuildFile; fileRef = 18618EED114C808B5657EFBD /* OAuthService.swift */; };
		395C493B4D5D56E70D9296BA /* IdentityService.swift in Sources */ = {isa = PBXBuildFile; fileRef = D698C2C572807945955A6AF6 /* IdentityService.swift */; };
		3C256333D1261A332236B029 /* LivePhotoView.swift in Sources */ = {isa = PBXBuildFile; fileRef = 7978EE99D9C4B0E5277D4E0D /* LivePhotoView.swift */; };
		3D216176053F8FE3A6D5AC34 /* NotificationModels.swift in Sources */ = {isa = PBXBuildFile; fileRef = 2060E0E34442FBBBF25894E8 /* NotificationModels.swift */; };
		3F0F5D8CDF85530D45ADC4E9 /* Assets.xcassets in Resources */ = {isa = PBXBuildFile; fileRef = "TEMP_E63568BF-A7D7-4C7A-89DF-4EFED8C18428" /* Assets.xcassets */; };
		41F6B4399375507FD4982497 /* GenderPickerView.swift in Sources */ = {isa = PBXBuildFile; fileRef = 469C59BDF0390BCAF3E4BA32 /* GenderPickerView.swift */; };
		424E9016838E6F81E091A92F /* SettingsView.swift in Sources */ = {isa = PBXBuildFile; fileRef = EA6D2E536652EEB5F08CB53D /* SettingsView.swift */; };
		42E9CA3EF110B66F38467879 /* ProfileSettingViewModel.swift in Sources */ = {isa = PBXBuildFile; fileRef = 76856E465B25C89F2D6954C1 /* ProfileSettingViewModel.swift */; };
		44135CB1C50867467D212A7B /* DateOfBirthPickerView.swift in Sources */ = {isa = PBXBuildFile; fileRef = DCD4CC5045F5A5B1C3BD50BC /* DateOfBirthPickerView.swift */; };
		45877509D5B986A55361F3E8 /* SearchView.swift in Sources */ = {isa = PBXBuildFile; fileRef = 0782F9728E588156767DEFCD /* SearchView.swift */; };
		4679E194ED83C34FB4DCCDAE /* INTEGRATION_GUIDE.md in Resources */ = {isa = PBXBuildFile; fileRef = 79CD728AAD8F73549C311B73 /* INTEGRATION_GUIDE.md */; };
		46C169B49CD9E53AB2048574 /* SocialService.swift in Sources */ = {isa = PBXBuildFile; fileRef = 9EB3A1844A28ADE400B2CB8B /* SocialService.swift */; };
		487679CAADFC71FB11F48B16 /* E2EEModels.swift in Sources */ = {isa = PBXBuildFile; fileRef = 1643FCCAD5E970693182E5B1 /* E2EEModels.swift */; };
		4C722130FF631EA3ED07E08E /* LoginView.swift in Sources */ = {isa = PBXBuildFile; fileRef = 31C506816FBC6DA8C0428370 /* LoginView.swift */; };
		4CBCDA527DB61D8C7DF94F18 /* App.swift in Sources */ = {isa = PBXBuildFile; fileRef = "TEMP_CF428DCC-07DB-4266-A59F-08A7ED470EDF" /* App.swift */; };
		4CDCF12D671ED706F990A390 /* AvatarManager.swift in Sources */ = {isa = PBXBuildFile; fileRef = 794A593F2F3DCDAA921653F5 /* AvatarManager.swift */; };
		4E9050A05F22518EA27D339E /* NotificationService.swift in Sources */ = {isa = PBXBuildFile; fileRef = F20C285F38EB2939BF1DBFE5 /* NotificationService.swift */; };
		52B4AF85DD004B3CF9B29606 /* SaveDraftModal.swift in Sources */ = {isa = PBXBuildFile; fileRef = 1596370EBA1BDEA11435D488 /* SaveDraftModal.swift */; };
		5B4C21CD305C033B16C603A0 /* MatrixService.swift in Sources */ = {isa = PBXBuildFile; fileRef = A373078F13E1684A5699D2E5 /* MatrixService.swift */; };
		5C3150E93366A7CA710BAA24 /* ProfileSettingView.swift in Sources */ = {isa = PBXBuildFile; fileRef = F49BDC924F2780626F9D2CBA /* ProfileSettingView.swift */; };
		5D3CEE9D7C0E99FCE63E6D0D /* APIConfig.swift in Sources */ = {isa = PBXBuildFile; fileRef = 3C4BE13F136F4EEE21D1B806 /* APIConfig.swift */; };
		61D284A4B659E880982BAF8E /* SettingsRow.swift in Sources */ = {isa = PBXBuildFile; fileRef = 66B36D2C99940153852FD4AA /* SettingsRow.swift */; };
		6D0C21031462E562690ADEA4 /* TrendingService.swift in Sources */ = {isa = PBXBuildFile; fileRef = 332251B7AC761742A3FD05B9 /* TrendingService.swift */; };
		705D1C2F493FFF2281781676 /* VoiceChatView.swift in Sources */ = {isa = PBXBuildFile; fileRef = 9807B62C70CB46565FFBC30D /* VoiceChatView.swift */; };
		724FB3B775ED48B1AF7C0BE4 /* SearchViewModel.swift in Sources */ = {isa = PBXBuildFile; fileRef = 1A00351ECE6777F8EBDD4951 /* SearchViewModel.swift */; };
		72CE287C304465CADA0CD7C4 /* SettingsViewModel.swift in Sources */ = {isa = PBXBuildFile; fileRef = 712BA1842DBC03D66DB2611F /* SettingsViewModel.swift */; };
		7352CA226A8DA46D21339FB3 /* HottestBankerSection.swift in Sources */ = {isa = PBXBuildFile; fileRef = 027EF331C014E61B120CCBD6 /* HottestBankerSection.swift */; };
		7564A99AE77BB7DB15FF8418 /* NotificationView.swift in Sources */ = {isa = PBXBuildFile; fileRef = 0F698A0D140FD88A1F12B773 /* NotificationView.swift */; };
		7729CDB2D821BD9D0E4C8DE1 /* InviteFriendsView.swift in Sources */ = {isa = PBXBuildFile; fileRef = 75ADA8314EFFF10E30AEE448 /* InviteFriendsView.swift */; };
		77500437FB36D394DA15104A /* StartGroupChatView.swift in Sources */ = {isa = PBXBuildFile; fileRef = 4D0B03562814E181645E773D /* StartGroupChatView.swift */; };
		79D3B98307F3B7BCE51E29BC /* MediaService.swift in Sources */ = {isa = PBXBuildFile; fileRef = 4FF0A921465A0341D2137D47 /* MediaService.swift */; };
		7E83F8E47D13BC77F1E43BF5 /* GraphService.swift in Sources */ = {isa = PBXBuildFile; fileRef = 5CE6D2432D55B7E9FEE4622C /* GraphService.swift */; };
		7F0B6D561E24238202ABCB55 /* LocationView.swift in Sources */ = {isa = PBXBuildFile; fileRef = 2E7A9645F230A1DF8AD452F2 /* LocationView.swift */; };
		7FB2813C5F058BF27D738C34 /* ResetPasswordView.swift in Sources */ = {isa = PBXBuildFile; fileRef = 36F012F2E478BE330431A7E0 /* ResetPasswordView.swift */; };
		82C9BD41879DA5DF78FF4FF9 /* LivePhotoManager.swift in Sources */ = {isa = PBXBuildFile; fileRef = F0CEAA8A405BB702DA178841 /* LivePhotoManager.swift */; };
		84F417FDBE90F2BD12306ACA /* SearchService.swift in Sources */ = {isa = PBXBuildFile; fileRef = 433BCB5B24D6C3D1565C289F /* SearchService.swift */; };
		872EE38FD80234144C2CC601 /* PhotoOptionsModal.swift in Sources */ = {isa = PBXBuildFile; fileRef = 21C58A10ECD63A9AD9BEB6D5 /* PhotoOptionsModal.swift */; };
		8C368314174D9C9842F80006 /* QRCodeScannerView.swift in Sources */ = {isa = PBXBuildFile; fileRef = FB630AEE7228BE7CEAE9E794 /* QRCodeScannerView.swift */; };
		8F9D3E8DE6E5D6EF2AD58793 /* GroupChatView.swift in Sources */ = {isa = PBXBuildFile; fileRef = D9768C9B58F06A9A6112EAE3 /* GroupChatView.swift */; };
		901B04AD0FB9157984F80EFF /* UserPostsManager.swift in Sources */ = {isa = PBXBuildFile; fileRef = 1B5722C159C353AB0D1195AF /* UserPostsManager.swift */; };
		9127641952A87D2E4677B311 /* PhoneAuthService.swift in Sources */ = {isa = PBXBuildFile; fileRef = C2CAD3284489FA543E721ABA /* PhoneAuthService.swift */; };
		92D0BFD08724FB2E66A2AF8C /* LocationPickerView.swift in Sources */ = {isa = PBXBuildFile; fileRef = D121644B7F1277C322CA6A51 /* LocationPickerView.swift */; };
		93332CF55086E48205E3AC5D /* NewChatView.swift in Sources */ = {isa = PBXBuildFile; fileRef = 400B32013EC2FA3DDF1BD59E /* NewChatView.swift */; };
		9389F156C98CF196FEB04813 /* PostDetailView.swift in Sources */ = {isa = PBXBuildFile; fileRef = FA23E220EDDA2B69DC298BC0 /* PostDetailView.swift */; };
		93FEC8C4761A1B0CADDDD85D /* NewPostView.swift in Sources */ = {isa = PBXBuildFile; fileRef = D8859BB1AE9FA6D7D5824E50 /* NewPostView.swift */; };
		9618F12F74A70D9629855613 /* ProfileData.swift in Sources */ = {isa = PBXBuildFile; fileRef = E5F063A093BCAB41B793415F /* ProfileData.swift */; };
		97F6C657D7E2048352947CDA /* CommentSheetView.swift in Sources */ = {isa = PBXBuildFile; fileRef = 00D95AE492E1F1BD615BB08A /* CommentSheetView.swift */; };
		9F4007BE87A9E709B48DF9B9 /* UserModels.swift in Sources */ = {isa = PBXBuildFile; fileRef = DFA8A23427CDC24E3C754293 /* UserModels.swift */; };
		A0E98C8402F42826C6B27C70 /* ThankYouModal.swift in Sources */ = {isa = PBXBuildFile; fileRef = 9DB971D0D914AD2BF041C7C0 /* ThankYouModal.swift */; };
		A35ABFA321D24C60DB3F1AE2 /* DeviceService.swift in Sources */ = {isa = PBXBuildFile; fileRef = 3C3AD3B56FD470BDD566CA47 /* DeviceService.swift */; };
		A912922B6BBA2DF988E0EB03 /* ProfileTopNavigationBar.swift in Sources */ = {isa = PBXBuildFile; fileRef = 825B4A1F409795796A47A504 /* ProfileTopNavigationBar.swift */; };
		ACB96FD8E0748DE08465014E /* SplashScreenView.swift in Sources */ = {isa = PBXBuildFile; fileRef = 516947E0D43092D83564A6CF /* SplashScreenView.swift */; };
		ACF209A76A3C5E01292691FB /* APIError.swift in Sources */ = {isa = PBXBuildFile; fileRef = 3ADE31A2BE4914B0F21C29A9 /* APIError.swift */; };
		ADCA1CA875E340CD04D2237A /* ProfileView.swift in Sources */ = {isa = PBXBuildFile; fileRef = CE44BE89D96953ABCAA2E34E /* ProfileView.swift */; };
		B0EE8CAD1973B1C29CB02702 /* MyQRCodeView.swift in Sources */ = {isa = PBXBuildFile; fileRef = 9B24BB2EE3F0021E5343878D /* MyQRCodeView.swift */; };
		B1D7184D4B2131AC5C5FC6B6 /* UserProfileView.swift in Sources */ = {isa = PBXBuildFile; fileRef = 893193464D16DA57F8243351 /* UserProfileView.swift */; };
		B70FF9F29360AB72806A05BB /* ProfileUserInfoSection.swift in Sources */ = {isa = PBXBuildFile; fileRef = 49E80DEE083E86CD070766CC /* ProfileUserInfoSection.swift */; };
		B758D4147BCE8D66A7CCF166 /* FriendsService.swift in Sources */ = {isa = PBXBuildFile; fileRef = CD847153CD7FA68CE04B284E /* FriendsService.swift */; };
		B89382820C004AFA0B61E86B /* KeyboardExtension.swift in Sources */ = {isa = PBXBuildFile; fileRef = E6D7E3C38730CAA90EB8DF00 /* KeyboardExtension.swift */; };
		B8D76B18B9718D4B1A5EDCBE /* AddFriendsView.swift in Sources */ = {isa = PBXBuildFile; fileRef = 24173BE45B1DC7AA94F7016A /* AddFriendsView.swift */; };
		BD10D463F04D5CDB7670D4A3 /* AliceView.swift in Sources */ = {isa = PBXBuildFile; fileRef = 612ACD95D18565FB20AF7B5E /* AliceView.swift */; };
		C0480BCF2E42D001DE512CB6 /* PushNotificationManager.swift in Sources */ = {isa = PBXBuildFile; fileRef = 21DD82679F813BE27BFE6092 /* PushNotificationManager.swift */; };
		C0F39A0A6B4D0B1E03D02017 /* PrivacyInfo.xcprivacy in Resources */ = {isa = PBXBuildFile; fileRef = "TEMP_B22EE1DB-BC02-4624-9638-B2FED88AC8E5" /* PrivacyInfo.xcprivacy */; };
		C14F2A4B72CAD50242535A72 /* CommunicationService.swift in Sources */ = {isa = PBXBuildFile; fileRef = 0FC3601C5DCD3158E371A0D5 /* CommunicationService.swift */; };
		C2F8125A11FCF6539808A26C /* ProfilePostCard.swift in Sources */ = {isa = PBXBuildFile; fileRef = 3C740D00C1DD6CF49E4F0A37 /* ProfilePostCard.swift */; };
		C5BCFFB06545187FF2579AA3 /* DevicesView.swift in Sources */ = {isa = PBXBuildFile; fileRef = 20DAD625E4C0EF4A01010AE7 /* DevicesView.swift */; };
		C6D562180DEC83593F48A910 /* NameSelectorModal.swift in Sources */ = {isa = PBXBuildFile; fileRef = E26FCF7308D047749F56999C /* NameSelectorModal.swift */; };
		C7656F0B6780081D00E6AF0F /* E2EEService.swift in Sources */ = {isa = PBXBuildFile; fileRef = B5F979ECFA4B86BB5CF751BB /* E2EEService.swift */; };
		CB9061143A686567A786CA6D /* AliceService.swift in Sources */ = {isa = PBXBuildFile; fileRef = 892AD2BE29C380E52980F7E2 /* AliceService.swift */; };
		CC700C91BF81E53E632C64A3 /* ReportModal.swift in Sources */ = {isa = PBXBuildFile; fileRef = AEE69E5CD9B931C1CE6C4C48 /* ReportModal.swift */; };
		CEF622E0D705BAA70D0C2009 /* RtcBasic in Frameworks */ = {isa = PBXBuildFile; productRef = 993B7693D000A65F41AB0A29 /* RtcBasic */; };
		D200816F952844B6819764EC /* FeedVideoPlayer.swift in Sources */ = {isa = PBXBuildFile; fileRef = A13C2F556B5E9015D7B85A24 /* FeedVideoPlayer.swift */; };
		D7AFE432126A56E55FF97783 /* BottomTabBar.swift in Sources */ = {isa = PBXBuildFile; fileRef = 33C571AB47F91627A45BC417 /* BottomTabBar.swift */; };
		DBE3AAEB7DC22DB676605556 /* RankingListView.swift in Sources */ = {isa = PBXBuildFile; fileRef = 6C8DE5693B6E939EE1A86A67 /* RankingListView.swift */; };
		E0B1B70631617B9CDF27DE9D /* CommentCardItem.swift in Sources */ = {isa = PBXBuildFile; fileRef = ACF46F487D39DE11DF306EF2 /* CommentCardItem.swift */; };
		E1E08EAE40CCE72F24509180 /* GetVerifiedView.swift in Sources */ = {isa = PBXBuildFile; fileRef = 7382F96F698E0CDC89B99912 /* GetVerifiedView.swift */; };
		E35833BF57E564C083624F78 /* PromoBannerView.swift in Sources */ = {isa = PBXBuildFile; fileRef = 3ACC5B924429B273F34A32C0 /* PromoBannerView.swift */; };
		E3C3EA86F619CE1A0DDF83AF /* AuthenticationManager.swift in Sources */ = {isa = PBXBuildFile; fileRef = 69B449484719B1691927E1D6 /* AuthenticationManager.swift */; };
		E554EFD2A94C43A8F074917B /* FormRow.swift in Sources */ = {isa = PBXBuildFile; fileRef = BD70ACA67B0E1699EDB5099B /* FormRow.swift */; };
		E703C7313E17C9B58A056F35 /* UserService.swift in Sources */ = {isa = PBXBuildFile; fileRef = F5E70390640C08938059D9CF /* UserService.swift */; };
		EB0FE1C0C133317FDCEF80FE /* DateExtension.swift in Sources */ = {isa = PBXBuildFile; fileRef = E35DC62777A5472A407CC9A8 /* DateExtension.swift */; };
		EDF27D6C1C9AE2719C3D6FE9 /* ForgotPasswordView.swift in Sources */ = {isa = PBXBuildFile; fileRef = B11D90E19EB8E81DACA13AAB /* ForgotPasswordView.swift */; };
		EEBF79C69078D7BD5A9E44DB /* ShareSheet.swift in Sources */ = {isa = PBXBuildFile; fileRef = 0BA9A27686FBAD37E301363D /* ShareSheet.swift */; };
		V15181L17YBU1LD5RC5ABCD1 /* VisibilityTracker.swift in Sources */ = {isa = PBXBuildFile; fileRef = V15181L17Y7R4CK3R5W1F7A1 /* VisibilityTracker.swift */; };
		T4PP4BL3BTN5W1F7B8C9D0E1 /* TappableButton.swift in Sources */ = {isa = PBXBuildFile; fileRef = T4PP4BL3BTN5W1F7B8C9D0F2 /* TappableButton.swift */; };
		C4CH3D4SY8C1M4G3B5C7D9E2 /* CachedAsyncImage.swift in Sources */ = {isa = PBXBuildFile; fileRef = C4CH3D4SY8C1M4G3B5C7D9F3 /* CachedAsyncImage.swift */; };
		F1888254C4BE3800E997DF37 /* AliceVoiceConfig.swift in Sources */ = {isa = PBXBuildFile; fileRef = C502D13F9C3DF5D7833C47C9 /* AliceVoiceConfig.swift */; };
		F213E5619BF6A2E4B0A7E098 /* MessageView.swift in Sources */ = {isa = PBXBuildFile; fileRef = 8742228C1E84193BD2624ACE /* MessageView.swift */; };
		F22C78793E4AE7D3AC1019A4 /* ContentService.swift in Sources */ = {isa = PBXBuildFile; fileRef = 52426426C95CA38E013274CD /* ContentService.swift */; };
		F3429658C1C73F4F372CCD98 /* ProfileView.swift.backup in Resources */ = {isa = PBXBuildFile; fileRef = 0421555B5781BC4F1BBB43F4 /* ProfileView.swift.backup */; };
		F3875421DC867115D4BF2E4E /* FeedService.swift in Sources */ = {isa = PBXBuildFile; fileRef = DF8996770D45106B3D2C34DF /* FeedService.swift */; };
		F4623B2451A2F410D38A2C77 /* Localizable.strings in Resources */ = {isa = PBXBuildFile; fileRef = "TEMP_93054C4B-E97C-4061-AE5D-B538CB662700" /* Localizable.strings */; };
		F573A16EBB5F33CFDC196FC0 /* README.md in Resources */ = {isa = PBXBuildFile; fileRef = 391055A01BC7ADD0944EE229 /* README.md */; };
		F87C58656F5FD03A8C3345EB /* NotificationViewModel.swift in Sources */ = {isa = PBXBuildFile; fileRef = 97F7FCDB6FA0CE2782E24A74 /* NotificationViewModel.swift */; };
		FE5A7851F73E4DAE93743284 /* MyChannelsView.swift in Sources */ = {isa = PBXBuildFile; fileRef = 9C7716AC8A2A67A629B5AA6D /* MyChannelsView.swift */; };
/* End PBXBuildFile section */

/* Begin PBXFileReference section */
		T3ST00000001F1L3R3F00001 /* APIClientTests.swift */ = {isa = PBXFileReference; lastKnownFileType = sourcecode.swift; path = APIClientTests.swift; sourceTree = "<group>"; };
		T3ST00000001F1L3R3F00002 /* ErrorHandlingTests.swift */ = {isa = PBXFileReference; lastKnownFileType = sourcecode.swift; path = ErrorHandlingTests.swift; sourceTree = "<group>"; };
		T3ST00000001F1L3R3F00003 /* AuthenticationManagerTests.swift */ = {isa = PBXFileReference; lastKnownFileType = sourcecode.swift; path = AuthenticationManagerTests.swift; sourceTree = "<group>"; };
		T3ST00000001F1L3R3F00004 /* IdentityServiceTests.swift */ = {isa = PBXFileReference; lastKnownFileType = sourcecode.swift; path = IdentityServiceTests.swift; sourceTree = "<group>"; };
		T3ST00000001F1L3R3F00005 /* MockURLProtocol.swift */ = {isa = PBXFileReference; lastKnownFileType = sourcecode.swift; path = MockURLProtocol.swift; sourceTree = "<group>"; };
		T3ST00000001F1L3R3F00006 /* TestFixtures.swift */ = {isa = PBXFileReference; lastKnownFileType = sourcecode.swift; path = TestFixtures.swift; sourceTree = "<group>"; };
		T3ST00000001PR0DUCT00001 /* ICEREDTests.xctest */ = {isa = PBXFileReference; explicitFileType = wrapper.cfbundle; includeInIndex = 0; path = ICEREDTests.xctest; sourceTree = BUILT_PRODUCTS_DIR; };
		00D95AE492E1F1BD615BB08A /* CommentSheetView.swift */ = {isa = PBXFileReference; lastKnownFileType = sourcecode.swift; path = CommentSheetView.swift; sourceTree = "<group>"; };
		027EF331C014E61B120CCBD6 /* HottestBankerSection.swift */ = {isa = PBXFileReference; lastKnownFileType = sourcecode.swift; path = HottestBankerSection.swift; sourceTree = "<group>"; };
		0421555B5781BC4F1BBB43F4 /* ProfileView.swift.backup */ = {isa = PBXFileReference; path = ProfileView.swift.backup; sourceTree = "<group>"; };
		0782F9728E588156767DEFCD /* SearchView.swift */ = {isa = PBXFileReference; lastKnownFileType = sourcecode.swift; path = SearchView.swift; sourceTree = "<group>"; };
		0BA9A27686FBAD37E301363D /* ShareSheet.swift */ = {isa = PBXFileReference; lastKnownFileType = sourcecode.swift; path = ShareSheet.swift; sourceTree = "<group>"; };
		V15181L17Y7R4CK3R5W1F7A1 /* VisibilityTracker.swift */ = {isa = PBXFileReference; lastKnownFileType = sourcecode.swift; path = VisibilityTracker.swift; sourceTree = "<group>"; };
		T4PP4BL3BTN5W1F7B8C9D0F2 /* TappableButton.swift */ = {isa = PBXFileReference; lastKnownFileType = sourcecode.swift; path = TappableButton.swift; sourceTree = "<group>"; };
		C4CH3D4SY8C1M4G3B5C7D9F3 /* CachedAsyncImage.swift */ = {isa = PBXFileReference; lastKnownFileType = sourcecode.swift; path = CachedAsyncImage.swift; sourceTree = "<group>"; };
		1M4GC4CH35RV1C3F1L3R3F01 /* ImageCacheService.swift */ = {isa = PBXFileReference; lastKnownFileType = sourcecode.swift; path = ImageCacheService.swift; sourceTree = "<group>"; };
		0CF9EE837EC3996A27E70749 /* FeedPostCard.swift */ = {isa = PBXFileReference; lastKnownFileType = sourcecode.swift; path = FeedPostCard.swift; sourceTree = "<group>"; };
		0F698A0D140FD88A1F12B773 /* NotificationView.swift */ = {isa = PBXFileReference; lastKnownFileType = sourcecode.swift; path = NotificationView.swift; sourceTree = "<group>"; };
		0FC3601C5DCD3158E371A0D5 /* CommunicationService.swift */ = {isa = PBXFileReference; lastKnownFileType = sourcecode.swift; path = CommunicationService.swift; sourceTree = "<group>"; };
		1596370EBA1BDEA11435D488 /* SaveDraftModal.swift */ = {isa = PBXFileReference; lastKnownFileType = sourcecode.swift; path = SaveDraftModal.swift; sourceTree = "<group>"; };
		1643FCCAD5E970693182E5B1 /* E2EEModels.swift */ = {isa = PBXFileReference; lastKnownFileType = sourcecode.swift; path = E2EEModels.swift; sourceTree = "<group>"; };
		18618EED114C808B5657EFBD /* OAuthService.swift */ = {isa = PBXFileReference; lastKnownFileType = sourcecode.swift; path = OAuthService.swift; sourceTree = "<group>"; };
		1A00351ECE6777F8EBDD4951 /* SearchViewModel.swift */ = {isa = PBXFileReference; lastKnownFileType = sourcecode.swift; path = SearchViewModel.swift; sourceTree = "<group>"; };
		1B5722C159C353AB0D1195AF /* UserPostsManager.swift */ = {isa = PBXFileReference; lastKnownFileType = sourcecode.swift; path = UserPostsManager.swift; sourceTree = "<group>"; };
		1DBE05105D66034FFAE21C35 /* SimpleCarouselView.swift */ = {isa = PBXFileReference; lastKnownFileType = sourcecode.swift; path = SimpleCarouselView.swift; sourceTree = "<group>"; };
		2060E0E34442FBBBF25894E8 /* NotificationModels.swift */ = {isa = PBXFileReference; lastKnownFileType = sourcecode.swift; path = NotificationModels.swift; sourceTree = "<group>"; };
		20DAD625E4C0EF4A01010AE7 /* DevicesView.swift */ = {isa = PBXFileReference; lastKnownFileType = sourcecode.swift; path = DevicesView.swift; sourceTree = "<group>"; };
		21C58A10ECD63A9AD9BEB6D5 /* PhotoOptionsModal.swift */ = {isa = PBXFileReference; lastKnownFileType = sourcecode.swift; path = PhotoOptionsModal.swift; sourceTree = "<group>"; };
		21DD82679F813BE27BFE6092 /* PushNotificationManager.swift */ = {isa = PBXFileReference; lastKnownFileType = sourcecode.swift; path = PushNotificationManager.swift; sourceTree = "<group>"; };
		234851800D447CF6CD504A1A /* MatrixBridgeService.swift */ = {isa = PBXFileReference; lastKnownFileType = sourcecode.swift; path = MatrixBridgeService.swift; sourceTree = "<group>"; };
		234851800D447CF6CD504A2B /* MatrixSSOManager.swift */ = {isa = PBXFileReference; lastKnownFileType = sourcecode.swift; path = MatrixSSOManager.swift; sourceTree = "<group>"; };
		24173BE45B1DC7AA94F7016A /* AddFriendsView.swift */ = {isa = PBXFileReference; lastKnownFileType = sourcecode.swift; path = AddFriendsView.swift; sourceTree = "<group>"; };
		24CEFEAC014290526A9CD69E /* PostAsSelectionPanel.swift */ = {isa = PBXFileReference; lastKnownFileType = sourcecode.swift; path = PostAsSelectionPanel.swift; sourceTree = "<group>"; };
		2E7A9645F230A1DF8AD452F2 /* LocationView.swift */ = {isa = PBXFileReference; lastKnownFileType = sourcecode.swift; path = LocationView.swift; sourceTree = "<group>"; };
		31C506816FBC6DA8C0428370 /* LoginView.swift */ = {isa = PBXFileReference; lastKnownFileType = sourcecode.swift; path = LoginView.swift; sourceTree = "<group>"; };
		332251B7AC761742A3FD05B9 /* TrendingService.swift */ = {isa = PBXFileReference; lastKnownFileType = sourcecode.swift; path = TrendingService.swift; sourceTree = "<group>"; };
		33C571AB47F91627A45BC417 /* BottomTabBar.swift */ = {isa = PBXFileReference; lastKnownFileType = sourcecode.swift; path = BottomTabBar.swift; sourceTree = "<group>"; };
		36A22EF01EE6C23DBFD7BBE2 /* CreateAccountView.swift */ = {isa = PBXFileReference; lastKnownFileType = sourcecode.swift; path = CreateAccountView.swift; sourceTree = "<group>"; };
		36F012F2E478BE330431A7E0 /* ResetPasswordView.swift */ = {isa = PBXFileReference; lastKnownFileType = sourcecode.swift; path = ResetPasswordView.swift; sourceTree = "<group>"; };
		391055A01BC7ADD0944EE229 /* README.md */ = {isa = PBXFileReference; lastKnownFileType = net.daringfireball.markdown; path = README.md; sourceTree = "<group>"; };
		3ACC5B924429B273F34A32C0 /* PromoBannerView.swift */ = {isa = PBXFileReference; lastKnownFileType = sourcecode.swift; path = PromoBannerView.swift; sourceTree = "<group>"; };
		3ADE31A2BE4914B0F21C29A9 /* APIError.swift */ = {isa = PBXFileReference; lastKnownFileType = sourcecode.swift; path = APIError.swift; sourceTree = "<group>"; };
		3BF00417178D0B6283A9E6F3 /* KeychainService.swift */ = {isa = PBXFileReference; lastKnownFileType = sourcecode.swift; path = KeychainService.swift; sourceTree = "<group>"; };
		3C3AD3B56FD470BDD566CA47 /* DeviceService.swift */ = {isa = PBXFileReference; lastKnownFileType = sourcecode.swift; path = DeviceService.swift; sourceTree = "<group>"; };
		3C4BE13F136F4EEE21D1B806 /* APIConfig.swift */ = {isa = PBXFileReference; lastKnownFileType = sourcecode.swift; path = APIConfig.swift; sourceTree = "<group>"; };
		3C740D00C1DD6CF49E4F0A37 /* ProfilePostCard.swift */ = {isa = PBXFileReference; lastKnownFileType = sourcecode.swift; path = ProfilePostCard.swift; sourceTree = "<group>"; };
		400B32013EC2FA3DDF1BD59E /* NewChatView.swift */ = {isa = PBXFileReference; lastKnownFileType = sourcecode.swift; path = NewChatView.swift; sourceTree = "<group>"; };
		433BCB5B24D6C3D1565C289F /* SearchService.swift */ = {isa = PBXFileReference; lastKnownFileType = sourcecode.swift; path = SearchService.swift; sourceTree = "<group>"; };
		469C59BDF0390BCAF3E4BA32 /* GenderPickerView.swift */ = {isa = PBXFileReference; lastKnownFileType = sourcecode.swift; path = GenderPickerView.swift; sourceTree = "<group>"; };
		49E80DEE083E86CD070766CC /* ProfileUserInfoSection.swift */ = {isa = PBXFileReference; lastKnownFileType = sourcecode.swift; path = ProfileUserInfoSection.swift; sourceTree = "<group>"; };
		4D0B03562814E181645E773D /* StartGroupChatView.swift */ = {isa = PBXFileReference; lastKnownFileType = sourcecode.swift; path = StartGroupChatView.swift; sourceTree = "<group>"; };
		4FF0A921465A0341D2137D47 /* MediaService.swift */ = {isa = PBXFileReference; lastKnownFileType = sourcecode.swift; path = MediaService.swift; sourceTree = "<group>"; };
		516947E0D43092D83564A6CF /* SplashScreenView.swift */ = {isa = PBXFileReference; lastKnownFileType = sourcecode.swift; path = SplashScreenView.swift; sourceTree = "<group>"; };
		52426426C95CA38E013274CD /* ContentService.swift */ = {isa = PBXFileReference; lastKnownFileType = sourcecode.swift; path = ContentService.swift; sourceTree = "<group>"; };
		5762CD35798707845E339714 /* AccountSwitcherSheet.swift */ = {isa = PBXFileReference; lastKnownFileType = sourcecode.swift; path = AccountSwitcherSheet.swift; sourceTree = "<group>"; };
		5CE6D2432D55B7E9FEE4622C /* GraphService.swift */ = {isa = PBXFileReference; lastKnownFileType = sourcecode.swift; path = GraphService.swift; sourceTree = "<group>"; };
		60F5C35AAB0D88AE0B2AB108 /* DeviceModels.swift */ = {isa = PBXFileReference; lastKnownFileType = sourcecode.swift; path = DeviceModels.swift; sourceTree = "<group>"; };
		612ACD95D18565FB20AF7B5E /* AliceView.swift */ = {isa = PBXFileReference; lastKnownFileType = sourcecode.swift; path = AliceView.swift; sourceTree = "<group>"; };
		666C1CC1B615DC9DCDD053FA /* SearchModels.swift */ = {isa = PBXFileReference; lastKnownFileType = sourcecode.swift; path = SearchModels.swift; sourceTree = "<group>"; };
		66B36D2C99940153852FD4AA /* SettingsRow.swift */ = {isa = PBXFileReference; lastKnownFileType = sourcecode.swift; path = SettingsRow.swift; sourceTree = "<group>"; };
		69B449484719B1691927E1D6 /* AuthenticationManager.swift */ = {isa = PBXFileReference; lastKnownFileType = sourcecode.swift; path = AuthenticationManager.swift; sourceTree = "<group>"; };
		6C8DE5693B6E939EE1A86A67 /* RankingListView.swift */ = {isa = PBXFileReference; lastKnownFileType = sourcecode.swift; path = RankingListView.swift; sourceTree = "<group>"; };
		6D34F87E7DE783C7F956B76F /* ChatView.swift */ = {isa = PBXFileReference; lastKnownFileType = sourcecode.swift; path = ChatView.swift; sourceTree = "<group>"; };
		6D34F87E7DE783C7F956B770 /* ChatViewModel.swift */ = {isa = PBXFileReference; lastKnownFileType = sourcecode.swift; path = ChatViewModel.swift; sourceTree = "<group>"; };
		712BA1842DBC03D66DB2611F /* SettingsViewModel.swift */ = {isa = PBXFileReference; lastKnownFileType = sourcecode.swift; path = SettingsViewModel.swift; sourceTree = "<group>"; };
		7382F96F698E0CDC89B99912 /* GetVerifiedView.swift */ = {isa = PBXFileReference; lastKnownFileType = sourcecode.swift; path = GetVerifiedView.swift; sourceTree = "<group>"; };
		75ADA8314EFFF10E30AEE448 /* InviteFriendsView.swift */ = {isa = PBXFileReference; lastKnownFileType = sourcecode.swift; path = InviteFriendsView.swift; sourceTree = "<group>"; };
		75EC152D81EC4B655AFC53A1 /* NavigationManager.swift */ = {isa = PBXFileReference; lastKnownFileType = sourcecode.swift; path = NavigationManager.swift; sourceTree = "<group>"; };
		7634AC3CDDF314F5F89CF059 /* ContentModels.swift */ = {isa = PBXFileReference; lastKnownFileType = sourcecode.swift; path = ContentModels.swift; sourceTree = "<group>"; };
		76856E465B25C89F2D6954C1 /* ProfileSettingViewModel.swift */ = {isa = PBXFileReference; lastKnownFileType = sourcecode.swift; path = ProfileSettingViewModel.swift; sourceTree = "<group>"; };
		794A593F2F3DCDAA921653F5 /* AvatarManager.swift */ = {isa = PBXFileReference; lastKnownFileType = sourcecode.swift; path = AvatarManager.swift; sourceTree = "<group>"; };
		7978EE99D9C4B0E5277D4E0D /* LivePhotoView.swift */ = {isa = PBXFileReference; lastKnownFileType = sourcecode.swift; path = LivePhotoView.swift; sourceTree = "<group>"; };
		79CD728AAD8F73549C311B73 /* INTEGRATION_GUIDE.md */ = {isa = PBXFileReference; lastKnownFileType = net.daringfireball.markdown; path = INTEGRATION_GUIDE.md; sourceTree = "<group>"; };
		803F96C26D9E8C040F88BC22 /* DefaultAvatarView.swift */ = {isa = PBXFileReference; lastKnownFileType = sourcecode.swift; path = DefaultAvatarView.swift; sourceTree = "<group>"; };
		825B4A1F409795796A47A504 /* ProfileTopNavigationBar.swift */ = {isa = PBXFileReference; lastKnownFileType = sourcecode.swift; path = ProfileTopNavigationBar.swift; sourceTree = "<group>"; };
		8742228C1E84193BD2624ACE /* MessageView.swift */ = {isa = PBXFileReference; lastKnownFileType = sourcecode.swift; path = MessageView.swift; sourceTree = "<group>"; };
		892AD2BE29C380E52980F7E2 /* AliceService.swift */ = {isa = PBXFileReference; lastKnownFileType = sourcecode.swift; path = AliceService.swift; sourceTree = "<group>"; };
		893193464D16DA57F8243351 /* UserProfileView.swift */ = {isa = PBXFileReference; lastKnownFileType = sourcecode.swift; path = UserProfileView.swift; sourceTree = "<group>"; };
		97F7FCDB6FA0CE2782E24A74 /* NotificationViewModel.swift */ = {isa = PBXFileReference; lastKnownFileType = sourcecode.swift; path = NotificationViewModel.swift; sourceTree = "<group>"; };
		9807B62C70CB46565FFBC30D /* VoiceChatView.swift */ = {isa = PBXFileReference; lastKnownFileType = sourcecode.swift; path = VoiceChatView.swift; sourceTree = "<group>"; };
		9B24BB2EE3F0021E5343878D /* MyQRCodeView.swift */ = {isa = PBXFileReference; lastKnownFileType = sourcecode.swift; path = MyQRCodeView.swift; sourceTree = "<group>"; };
		9C7716AC8A2A67A629B5AA6D /* MyChannelsView.swift */ = {isa = PBXFileReference; lastKnownFileType = sourcecode.swift; path = MyChannelsView.swift; sourceTree = "<group>"; };
		9DB971D0D914AD2BF041C7C0 /* ThankYouModal.swift */ = {isa = PBXFileReference; lastKnownFileType = sourcecode.swift; path = ThankYouModal.swift; sourceTree = "<group>"; };
		9EB3A1844A28ADE400B2CB8B /* SocialService.swift */ = {isa = PBXFileReference; lastKnownFileType = sourcecode.swift; path = SocialService.swift; sourceTree = "<group>"; };
		9F361F5818CDB8EEB87330CB /* GenerateImage01View.swift */ = {isa = PBXFileReference; lastKnownFileType = sourcecode.swift; path = GenerateImage01View.swift; sourceTree = "<group>"; };
		A13C2F556B5E9015D7B85A24 /* FeedVideoPlayer.swift */ = {isa = PBXFileReference; lastKnownFileType = sourcecode.swift; path = FeedVideoPlayer.swift; sourceTree = "<group>"; };
		A373078F13E1684A5699D2E5 /* MatrixService.swift */ = {isa = PBXFileReference; lastKnownFileType = sourcecode.swift; path = MatrixService.swift; sourceTree = "<group>"; };
		A4B4FB253EA63E86B9FD37C7 /* FeedLayoutConfig.swift */ = {isa = PBXFileReference; lastKnownFileType = sourcecode.swift; path = FeedLayoutConfig.swift; sourceTree = "<group>"; };
		A94850235E23697D1EF6503B /* CarouselView.swift */ = {isa = PBXFileReference; lastKnownFileType = sourcecode.swift; path = CarouselView.swift; sourceTree = "<group>"; };
		ACF46F487D39DE11DF306EF2 /* CommentCardItem.swift */ = {isa = PBXFileReference; lastKnownFileType = sourcecode.swift; path = CommentCardItem.swift; sourceTree = "<group>"; };
		AEE69E5CD9B931C1CE6C4C48 /* ReportModal.swift */ = {isa = PBXFileReference; lastKnownFileType = sourcecode.swift; path = ReportModal.swift; sourceTree = "<group>"; };
		AF7C3F1FF4F4ED65A51E66E2 /* WriteView.swift */ = {isa = PBXFileReference; lastKnownFileType = sourcecode.swift; path = WriteView.swift; sourceTree = "<group>"; };
		B11D90E19EB8E81DACA13AAB /* ForgotPasswordView.swift */ = {isa = PBXFileReference; lastKnownFileType = sourcecode.swift; path = ForgotPasswordView.swift; sourceTree = "<group>"; };
		B140AB4127BB17B46A837D83 /* CarouselCardItem.swift */ = {isa = PBXFileReference; lastKnownFileType = sourcecode.swift; path = CarouselCardItem.swift; sourceTree = "<group>"; };
		B5F979ECFA4B86BB5CF751BB /* E2EEService.swift */ = {isa = PBXFileReference; lastKnownFileType = sourcecode.swift; path = E2EEService.swift; sourceTree = "<group>"; };
		BD70ACA67B0E1699EDB5099B /* FormRow.swift */ = {isa = PBXFileReference; lastKnownFileType = sourcecode.swift; path = FormRow.swift; sourceTree = "<group>"; };
		C152D2B6103F99C5EDD94543 /* VoiceChatService.swift */ = {isa = PBXFileReference; lastKnownFileType = sourcecode.swift; path = VoiceChatService.swift; sourceTree = "<group>"; };
		C2CAD3284489FA543E721ABA /* PhoneAuthService.swift */ = {isa = PBXFileReference; lastKnownFileType = sourcecode.swift; path = PhoneAuthService.swift; sourceTree = "<group>"; };
		C502D13F9C3DF5D7833C47C9 /* AliceVoiceConfig.swift */ = {isa = PBXFileReference; lastKnownFileType = sourcecode.swift; path = AliceVoiceConfig.swift; sourceTree = "<group>"; };
		C6B7EF0FCF06C5477C18E6F9 /* ICERED.app */ = {isa = PBXFileReference; includeInIndex = 0; lastKnownFileType = wrapper.application; path = ICERED.app; sourceTree = BUILT_PRODUCTS_DIR; };
		C793C66FA2BEB9095768AB8E /* APIClient.swift */ = {isa = PBXFileReference; lastKnownFileType = sourcecode.swift; path = APIClient.swift; sourceTree = "<group>"; };
		CD847153CD7FA68CE04B284E /* FriendsService.swift */ = {isa = PBXFileReference; lastKnownFileType = sourcecode.swift; path = FriendsService.swift; sourceTree = "<group>"; };
		CE44BE89D96953ABCAA2E34E /* ProfileView.swift */ = {isa = PBXFileReference; lastKnownFileType = sourcecode.swift; path = ProfileView.swift; sourceTree = "<group>"; };
		CEF8FF5474ACC090E1F95421 /* AudioRecorderService.swift */ = {isa = PBXFileReference; lastKnownFileType = sourcecode.swift; path = AudioRecorderService.swift; sourceTree = "<group>"; };
		D040E1C8EF2FF6D6CBAAA5E3 /* DesignTokens.swift */ = {isa = PBXFileReference; lastKnownFileType = sourcecode.swift; path = DesignTokens.swift; sourceTree = "<group>"; };
		D121644B7F1277C322CA6A51 /* LocationPickerView.swift */ = {isa = PBXFileReference; lastKnownFileType = sourcecode.swift; path = LocationPickerView.swift; sourceTree = "<group>"; };
		D24DB2F8DFC6CEDA35F99370 /* FeedViewModel.swift */ = {isa = PBXFileReference; lastKnownFileType = sourcecode.swift; path = FeedViewModel.swift; sourceTree = "<group>"; };
		D513935D933B49861CE3742D /* ConversationModels.swift */ = {isa = PBXFileReference; lastKnownFileType = sourcecode.swift; path = ConversationModels.swift; sourceTree = "<group>"; };
		D661B4DD0C4067F3F4F871A5 /* WelcomeView.swift */ = {isa = PBXFileReference; lastKnownFileType = sourcecode.swift; path = WelcomeView.swift; sourceTree = "<group>"; };
		D698C2C572807945955A6AF6 /* IdentityService.swift */ = {isa = PBXFileReference; lastKnownFileType = sourcecode.swift; path = IdentityService.swift; sourceTree = "<group>"; };
		D8859BB1AE9FA6D7D5824E50 /* NewPostView.swift */ = {isa = PBXFileReference; lastKnownFileType = sourcecode.swift; path = NewPostView.swift; sourceTree = "<group>"; };
		D9768C9B58F06A9A6112EAE3 /* GroupChatView.swift */ = {isa = PBXFileReference; lastKnownFileType = sourcecode.swift; path = GroupChatView.swift; sourceTree = "<group>"; };
		DCD4CC5045F5A5B1C3BD50BC /* DateOfBirthPickerView.swift */ = {isa = PBXFileReference; lastKnownFileType = sourcecode.swift; path = DateOfBirthPickerView.swift; sourceTree = "<group>"; };
		DD8FB047FFB30F2D43138A99 /* QRCodeGenerator.swift */ = {isa = PBXFileReference; lastKnownFileType = sourcecode.swift; path = QRCodeGenerator.swift; sourceTree = "<group>"; };
		DF8996770D45106B3D2C34DF /* FeedService.swift */ = {isa = PBXFileReference; lastKnownFileType = sourcecode.swift; path = FeedService.swift; sourceTree = "<group>"; };
		DFA8A23427CDC24E3C754293 /* UserModels.swift */ = {isa = PBXFileReference; lastKnownFileType = sourcecode.swift; path = UserModels.swift; sourceTree = "<group>"; };
		E26FCF7308D047749F56999C /* NameSelectorModal.swift */ = {isa = PBXFileReference; lastKnownFileType = sourcecode.swift; path = NameSelectorModal.swift; sourceTree = "<group>"; };
		E35DC62777A5472A407CC9A8 /* DateExtension.swift */ = {isa = PBXFileReference; lastKnownFileType = sourcecode.swift; path = DateExtension.swift; sourceTree = "<group>"; };
		E5F063A093BCAB41B793415F /* ProfileData.swift */ = {isa = PBXFileReference; lastKnownFileType = sourcecode.swift; path = ProfileData.swift; sourceTree = "<group>"; };
		E6D7E3C38730CAA90EB8DF00 /* KeyboardExtension.swift */ = {isa = PBXFileReference; lastKnownFileType = sourcecode.swift; path = KeyboardExtension.swift; sourceTree = "<group>"; };
		E8B1760D88CE8A2673D74AFB /* ChatService.swift */ = {isa = PBXFileReference; lastKnownFileType = sourcecode.swift; path = ChatService.swift; sourceTree = "<group>"; };
		EA6D2E536652EEB5F08CB53D /* SettingsView.swift */ = {isa = PBXFileReference; lastKnownFileType = sourcecode.swift; path = SettingsView.swift; sourceTree = "<group>"; };
		F0CEAA8A405BB702DA178841 /* LivePhotoManager.swift */ = {isa = PBXFileReference; lastKnownFileType = sourcecode.swift; path = LivePhotoManager.swift; sourceTree = "<group>"; };
		F20C285F38EB2939BF1DBFE5 /* NotificationService.swift */ = {isa = PBXFileReference; lastKnownFileType = sourcecode.swift; path = NotificationService.swift; sourceTree = "<group>"; };
		F413929E863DA61C476F44D6 /* PhoneRegistrationView.swift */ = {isa = PBXFileReference; lastKnownFileType = sourcecode.swift; path = PhoneRegistrationView.swift; sourceTree = "<group>"; };
		F49BDC924F2780626F9D2CBA /* ProfileSettingView.swift */ = {isa = PBXFileReference; lastKnownFileType = sourcecode.swift; path = ProfileSettingView.swift; sourceTree = "<group>"; };
		F5E70390640C08938059D9CF /* UserService.swift */ = {isa = PBXFileReference; lastKnownFileType = sourcecode.swift; path = UserService.swift; sourceTree = "<group>"; };
		FA23E220EDDA2B69DC298BC0 /* PostDetailView.swift */ = {isa = PBXFileReference; lastKnownFileType = sourcecode.swift; path = PostDetailView.swift; sourceTree = "<group>"; };
		FA73CC5E85BCBF50C09E9E70 /* HomeView.swift */ = {isa = PBXFileReference; lastKnownFileType = sourcecode.swift; path = HomeView.swift; sourceTree = "<group>"; };
		FB630AEE7228BE7CEAE9E794 /* QRCodeScannerView.swift */ = {isa = PBXFileReference; lastKnownFileType = sourcecode.swift; path = QRCodeScannerView.swift; sourceTree = "<group>"; };
		FBBFF77645A4CF02AAB9B2E4 /* CryptoCore.swift */ = {isa = PBXFileReference; lastKnownFileType = sourcecode.swift; path = CryptoCore.swift; sourceTree = "<group>"; };
		"TEMP_3EACCE73-911D-4DC5-B30F-5C1A27015ECB" /* AppPage.swift */ = {isa = PBXFileReference; lastKnownFileType = sourcecode.swift; path = AppPage.swift; sourceTree = "<group>"; };
		"TEMP_4EBE7D73-1C55-4BD3-B241-D7C46CABFC2E" /* .gitignore */ = {isa = PBXFileReference; path = .gitignore; sourceTree = "<group>"; };
		"TEMP_628C62BD-34AB-4010-A326-AD6D45DCB303" /* ICERED.entitlements */ = {isa = PBXFileReference; lastKnownFileType = text.plist.entitlements; path = ICERED.entitlements; sourceTree = "<group>"; };
		"TEMP_662E8204-566C-441B-B6C8-6F7944E24B65" /* en */ = {isa = PBXFileReference; lastKnownFileType = text.plist.strings; name = en; path = en.lproj/Localizable.strings; sourceTree = "<group>"; };
		"TEMP_680CBF3C-22E9-4097-98CC-8B6AE3137200" /* .gitattributes */ = {isa = PBXFileReference; path = .gitattributes; sourceTree = "<group>"; };
		"TEMP_8DEC847E-2D57-4373-9B8E-83E7906CA3D9" /* AppDelegate.swift */ = {isa = PBXFileReference; lastKnownFileType = sourcecode.swift; path = AppDelegate.swift; sourceTree = "<group>"; };
		"TEMP_B22EE1DB-BC02-4624-9638-B2FED88AC8E5" /* PrivacyInfo.xcprivacy */ = {isa = PBXFileReference; path = PrivacyInfo.xcprivacy; sourceTree = "<group>"; };
		"TEMP_CF428DCC-07DB-4266-A59F-08A7ED470EDF" /* App.swift */ = {isa = PBXFileReference; lastKnownFileType = sourcecode.swift; path = App.swift; sourceTree = "<group>"; };
		"TEMP_E63568BF-A7D7-4C7A-89DF-4EFED8C18428" /* Assets.xcassets */ = {isa = PBXFileReference; lastKnownFileType = folder.assetcatalog; path = Assets.xcassets; sourceTree = "<group>"; };
/* End PBXFileReference section */

/* Begin PBXFrameworksBuildPhase section */
		9AD301B5E184293F220D88B9 /* Frameworks */ = {
			isa = PBXFrameworksBuildPhase;
			buildActionMask = 2147483647;
			files = (
				CEF622E0D705BAA70D0C2009 /* RtcBasic in Frameworks */,
			);
			runOnlyForDeploymentPostprocessing = 0;
		};
		T3ST00000001FR4M3W0RKSPH /* Frameworks */ = {
			isa = PBXFrameworksBuildPhase;
			buildActionMask = 2147483647;
			files = (
			);
			runOnlyForDeploymentPostprocessing = 0;
		};
/* End PBXFrameworksBuildPhase section */

/* Begin PBXContainerItemProxy section */
		T3ST00000001C0NT41N3RPR0 /* PBXContainerItemProxy */ = {
			isa = PBXContainerItemProxy;
			containerPortal = 0E48B1C79A478A03E910CD0B /* Project object */;
			proxyType = 1;
			remoteGlobalIDString = 43DFB9EDE928000873671E7C;
			remoteInfo = ICERED;
		};
/* End PBXContainerItemProxy section */

/* Begin PBXTargetDependency section */
		T3ST00000001D3P3ND3NCY01 /* PBXTargetDependency */ = {
			isa = PBXTargetDependency;
			target = 43DFB9EDE928000873671E7C /* ICERED */;
			targetProxy = T3ST00000001C0NT41N3RPR0 /* PBXContainerItemProxy */;
		};
/* End PBXTargetDependency section */

/* Begin PBXGroup section */
		00D23E0A2E752DBA61667BFA /* Chat */ = {
			isa = PBXGroup;
			children = (
				256A10F89FC9C64DCDBF76E6 /* Views */,
				00D23E0A2E752DBA61667BFB /* ViewModels */,
			);
			path = Chat;
			sourceTree = "<group>";
		};
		00D23E0A2E752DBA61667BFB /* ViewModels */ = {
			isa = PBXGroup;
			children = (
				6D34F87E7DE783C7F956B770 /* ChatViewModel.swift */,
			);
			path = ViewModels;
			sourceTree = "<group>";
		};
		03227C42DE12A3503BF69DE4 /* UI */ = {
			isa = PBXGroup;
			children = (
				A5F3D59DC0C4FA06662B5412 /* Components */,
				C75C6869B683B66215B158DA /* Modals */,
				2C0B7ADD2756879A860CFF88 /* Navigation */,
			);
			path = UI;
			sourceTree = "<group>";
		};
		10A84A2D0FE785E753E7D1BC /* Notification */ = {
			isa = PBXGroup;
			children = (
				F20C285F38EB2939BF1DBFE5 /* NotificationService.swift */,
				21DD82679F813BE27BFE6092 /* PushNotificationManager.swift */,
			);
			path = Notification;
			sourceTree = "<group>";
		};
		1213BE807D3E0278A63C3064 /* User */ = {
			isa = PBXGroup;
			children = (
				794A593F2F3DCDAA921653F5 /* AvatarManager.swift */,
				3C3AD3B56FD470BDD566CA47 /* DeviceService.swift */,
				D698C2C572807945955A6AF6 /* IdentityService.swift */,
				F5E70390640C08938059D9CF /* UserService.swift */,
			);
			path = User;
			sourceTree = "<group>";
		};
		12CC87DA914897174A784703 /* Search */ = {
			isa = PBXGroup;
			children = (
				433BCB5B24D6C3D1565C289F /* SearchService.swift */,
			);
			path = Search;
			sourceTree = "<group>";
		};
		17A7582FD3ED4EA2AA5B0087 /* Views */ = {
			isa = PBXGroup;
			children = (
				0F698A0D140FD88A1F12B773 /* NotificationView.swift */,
			);
			path = Views;
			sourceTree = "<group>";
		};
		18D81B60831EF4FE156F07C2 /* ViewModels */ = {
			isa = PBXGroup;
			children = (
				97F7FCDB6FA0CE2782E24A74 /* NotificationViewModel.swift */,
			);
			path = ViewModels;
			sourceTree = "<group>";
		};
		1BDDC5A5E48659742DC98715 /* QRScanner */ = {
			isa = PBXGroup;
			children = (
				1C621AC4764B98A08E6939BD /* Views */,
			);
			path = QRScanner;
			sourceTree = "<group>";
		};
		1C621AC4764B98A08E6939BD /* Views */ = {
			isa = PBXGroup;
			children = (
				9B24BB2EE3F0021E5343878D /* MyQRCodeView.swift */,
				FB630AEE7228BE7CEAE9E794 /* QRCodeScannerView.swift */,
			);
			path = Views;
			sourceTree = "<group>";
		};
		1C740A88949E06B141843AE8 /* Forms */ = {
			isa = PBXGroup;
			children = (
				BD70ACA67B0E1699EDB5099B /* FormRow.swift */,
			);
			path = Forms;
			sourceTree = "<group>";
		};
		256A10F89FC9C64DCDBF76E6 /* Views */ = {
			isa = PBXGroup;
			children = (
				6D34F87E7DE783C7F956B76F /* ChatView.swift */,
				8742228C1E84193BD2624ACE /* MessageView.swift */,
				400B32013EC2FA3DDF1BD59E /* NewChatView.swift */,
			);
			path = Views;
			sourceTree = "<group>";
		};
		27ADB5BD610667DD896B5471 /* Content */ = {
			isa = PBXGroup;
			children = (
				7634AC3CDDF314F5F89CF059 /* ContentModels.swift */,
			);
			path = Content;
			sourceTree = "<group>";
		};
		2B344FE31446BAA9B4B85DE8 /* Views */ = {
			isa = PBXGroup;
			children = (
				D9768C9B58F06A9A6112EAE3 /* GroupChatView.swift */,
				4D0B03562814E181645E773D /* StartGroupChatView.swift */,
			);
			path = Views;
			sourceTree = "<group>";
		};
		2B8332984B31687875C6AC6E = {
			isa = PBXGroup;
			children = (
				3A2A516A81467921E0E7441B /* Features */,
				B5C695DC3E63B0D8F4D8BEDA /* Shared */,
				T3ST00000001GRP000000001 /* Tests */,
				A8928B707E71735FE0470B84 /* Products */,
			);
			sourceTree = "<group>";
		};
		T3ST00000001GRP000000001 /* Tests */ = {
			isa = PBXGroup;
			children = (
				T3ST00000001GRP000000002 /* UnitTests */,
			);
			path = Tests;
			sourceTree = "<group>";
		};
		T3ST00000001GRP000000002 /* UnitTests */ = {
			isa = PBXGroup;
			children = (
				T3ST00000001GRP000000003 /* Mocks */,
				T3ST00000001GRP000000004 /* Networking */,
				T3ST00000001GRP000000005 /* Services */,
			);
			path = UnitTests;
			sourceTree = "<group>";
		};
		T3ST00000001GRP000000003 /* Mocks */ = {
			isa = PBXGroup;
			children = (
				T3ST00000001F1L3R3F00005 /* MockURLProtocol.swift */,
				T3ST00000001F1L3R3F00006 /* TestFixtures.swift */,
			);
			path = Mocks;
			sourceTree = "<group>";
		};
		T3ST00000001GRP000000004 /* Networking */ = {
			isa = PBXGroup;
			children = (
				T3ST00000001F1L3R3F00001 /* APIClientTests.swift */,
				T3ST00000001F1L3R3F00002 /* ErrorHandlingTests.swift */,
			);
			path = Networking;
			sourceTree = "<group>";
		};
		T3ST00000001GRP000000005 /* Services */ = {
			isa = PBXGroup;
			children = (
				T3ST00000001F1L3R3F00003 /* AuthenticationManagerTests.swift */,
				T3ST00000001F1L3R3F00004 /* IdentityServiceTests.swift */,
			);
			path = Services;
			sourceTree = "<group>";
		};
		2C0B7ADD2756879A860CFF88 /* Navigation */ = {
			isa = PBXGroup;
			children = (
				33C571AB47F91627A45BC417 /* BottomTabBar.swift */,
				75EC152D81EC4B655AFC53A1 /* NavigationManager.swift */,
			);
			path = Navigation;
			sourceTree = "<group>";
		};
		2CE845C26B9AB13D78461810 /* ViewModels */ = {
			isa = PBXGroup;
			children = (
				1A00351ECE6777F8EBDD4951 /* SearchViewModel.swift */,
			);
			path = ViewModels;
			sourceTree = "<group>";
		};
		2EAEF8629FDE3604E134B9DB /* Chat */ = {
			isa = PBXGroup;
			children = (
				E8B1760D88CE8A2673D74AFB /* ChatService.swift */,
			);
			path = Chat;
			sourceTree = "<group>";
		};
		3639645BC60AEEF8F6A61480 /* Services */ = {
			isa = PBXGroup;
			children = (
				3D41B4E2838E07B6FD382157 /* AI */,
				D3B9518C5063D61AA216A2E8 /* Auth */,
				2EAEF8629FDE3604E134B9DB /* Chat */,
				E6E8826667E44AC492D28F0C /* Communication */,
				94EB3EEA6DD1721877B8FE50 /* Content */,
				84FB334E10C810BD3E99ADA4 /* Feed */,
				DAD6B8398A62551B70008FBC /* Friends */,
				B9E4D1CC7153C3F803A0D220 /* Graph */,
				C9837B6211C93EBBDA35F0F0 /* Matrix */,
				EFCC6B7ECE056A3BEBA0C25D /* Media */,
				FFBD16B5C50B19B49FC31E67 /* Networking */,
				10A84A2D0FE785E753E7D1BC /* Notification */,
				12CC87DA914897174A784703 /* Search */,
				A0D2DA1DBC68D3FF71305393 /* Security */,
				F6C2CD1B26A3EF62FC3F1BD0 /* Social */,
				48FD19A72CFFC0097EB369A3 /* Trending */,
				1213BE807D3E0278A63C3064 /* User */,
			);
			path = Services;
			sourceTree = "<group>";
		};
		38EA8233FBA1E047E07B889A /* Splash */ = {
			isa = PBXGroup;
			children = (
				A7A3F279ACD22C74AFD358A7 /* Views */,
			);
			path = Splash;
			sourceTree = "<group>";
		};
		3A2A516A81467921E0E7441B /* Features */ = {
			isa = PBXGroup;
			children = (
				584950B40685DB6AD91183D1 /* AddFriends */,
				98C7C3954EEE427166E07F02 /* Alice */,
				E569866CEDF9252E8DB56DCB /* Auth */,
				00D23E0A2E752DBA61667BFA /* Chat */,
				64BB021FB019742C8EFC213B /* CreatePost */,
				E2BB85C6A4838537AC0A6DA7 /* GroupChat */,
				BAC90BFFFB9FCF3265327C6C /* Home */,
				D101599A1BA717B57A370B3B /* Notifications */,
				732652E34C03C2F08EF41646 /* Profile */,
				1BDDC5A5E48659742DC98715 /* QRScanner */,
				77317EC0B94A3B71353A56FE /* Search */,
				8C47AD9D0E6307B10B7C94D6 /* Settings */,
				38EA8233FBA1E047E07B889A /* Splash */,
			);
			path = Features;
			sourceTree = "<group>";
		};
		3D41B4E2838E07B6FD382157 /* AI */ = {
			isa = PBXGroup;
			children = (
				892AD2BE29C380E52980F7E2 /* AliceService.swift */,
				C502D13F9C3DF5D7833C47C9 /* AliceVoiceConfig.swift */,
				C152D2B6103F99C5EDD94543 /* VoiceChatService.swift */,
			);
			path = AI;
			sourceTree = "<group>";
		};
		43BC84AF0A4B6A432ED69C50 /* User */ = {
			isa = PBXGroup;
			children = (
				60F5C35AAB0D88AE0B2AB108 /* DeviceModels.swift */,
				DFA8A23427CDC24E3C754293 /* UserModels.swift */,
			);
			path = User;
			sourceTree = "<group>";
		};
		48FD19A72CFFC0097EB369A3 /* Trending */ = {
			isa = PBXGroup;
			children = (
				332251B7AC761742A3FD05B9 /* TrendingService.swift */,
			);
			path = Trending;
			sourceTree = "<group>";
		};
		4A9A692D10654F7EBD583D00 /* Components */ = {
			isa = PBXGroup;
			children = (
				B140AB4127BB17B46A837D83 /* CarouselCardItem.swift */,
				ACF46F487D39DE11DF306EF2 /* CommentCardItem.swift */,
				00D95AE492E1F1BD615BB08A /* CommentSheetView.swift */,
				A4B4FB253EA63E86B9FD37C7 /* FeedLayoutConfig.swift */,
				0CF9EE837EC3996A27E70749 /* FeedPostCard.swift */,
				A13C2F556B5E9015D7B85A24 /* FeedVideoPlayer.swift */,
				027EF331C014E61B120CCBD6 /* HottestBankerSection.swift */,
				21C58A10ECD63A9AD9BEB6D5 /* PhotoOptionsModal.swift */,
				3ACC5B924429B273F34A32C0 /* PromoBannerView.swift */,
			);
			path = Components;
			sourceTree = "<group>";
		};
		4D33EDD53B8C23E694456D75 /* Notification */ = {
			isa = PBXGroup;
			children = (
				2060E0E34442FBBBF25894E8 /* NotificationModels.swift */,
			);
			path = Notification;
			sourceTree = "<group>";
		};
		4F70094435EAF464A17F9E8C /* Models */ = {
			isa = PBXGroup;
			children = (
				FF2FF5942A0EA899432AB340 /* Chat */,
				27ADB5BD610667DD896B5471 /* Content */,
				4D33EDD53B8C23E694456D75 /* Notification */,
				C0F0D06F67C74BEC7D632551 /* Search */,
				43BC84AF0A4B6A432ED69C50 /* User */,
			);
			path = Models;
			sourceTree = "<group>";
		};
		53E4E6B70DCDF2F2C24D38B7 /* ViewModels */ = {
			isa = PBXGroup;
			children = (
				D24DB2F8DFC6CEDA35F99370 /* FeedViewModel.swift */,
			);
			path = ViewModels;
			sourceTree = "<group>";
		};
		56E990ACCFF7EEA7D3303585 /* Views */ = {
			isa = PBXGroup;
			children = (
				612ACD95D18565FB20AF7B5E /* AliceView.swift */,
				9F361F5818CDB8EEB87330CB /* GenerateImage01View.swift */,
				9807B62C70CB46565FFBC30D /* VoiceChatView.swift */,
			);
			path = Views;
			sourceTree = "<group>";
		};
		584950B40685DB6AD91183D1 /* AddFriends */ = {
			isa = PBXGroup;
			children = (
				BD2FF1AC14A2F3B87893B687 /* Views */,
			);
			path = AddFriends;
			sourceTree = "<group>";
		};
		64BB021FB019742C8EFC213B /* CreatePost */ = {
			isa = PBXGroup;
			children = (
				AE34EC630E630967EAB4205F /* Views */,
			);
			path = CreatePost;
			sourceTree = "<group>";
		};
		732652E34C03C2F08EF41646 /* Profile */ = {
			isa = PBXGroup;
			children = (
				AC22F42911AB53124FB16480 /* Views */,
			);
			path = Profile;
			sourceTree = "<group>";
		};
		77317EC0B94A3B71353A56FE /* Search */ = {
			isa = PBXGroup;
			children = (
				2CE845C26B9AB13D78461810 /* ViewModels */,
				8D26797863E305AF0933849A /* Views */,
			);
			path = Search;
			sourceTree = "<group>";
		};
		829769D43D2B0A9D0B1B3479 /* Carousels */ = {
			isa = PBXGroup;
			children = (
				A94850235E23697D1EF6503B /* CarouselView.swift */,
				1DBE05105D66034FFAE21C35 /* SimpleCarouselView.swift */,
			);
			path = Carousels;
			sourceTree = "<group>";
		};
		84FB334E10C810BD3E99ADA4 /* Feed */ = {
			isa = PBXGroup;
			children = (
				DF8996770D45106B3D2C34DF /* FeedService.swift */,
			);
			path = Feed;
			sourceTree = "<group>";
		};
		8C47AD9D0E6307B10B7C94D6 /* Settings */ = {
			isa = PBXGroup;
			children = (
				BD097F1C3825E3185AF9B529 /* ViewModels */,
				AFD0A3F108AAF080FC600DEA /* Views */,
			);
			path = Settings;
			sourceTree = "<group>";
		};
		8D26797863E305AF0933849A /* Views */ = {
			isa = PBXGroup;
			children = (
				0782F9728E588156767DEFCD /* SearchView.swift */,
			);
			path = Views;
			sourceTree = "<group>";
		};
		92B133E8A586B8C1F937EF36 /* Components */ = {
			isa = PBXGroup;
			children = (
				C4CH3D4SY8C1M4G3B5C7D9F3 /* CachedAsyncImage.swift */,
				7978EE99D9C4B0E5277D4E0D /* LivePhotoView.swift */,
			);
			path = Components;
			sourceTree = "<group>";
		};
		94EB3EEA6DD1721877B8FE50 /* Content */ = {
			isa = PBXGroup;
			children = (
				52426426C95CA38E013274CD /* ContentService.swift */,
				1B5722C159C353AB0D1195AF /* UserPostsManager.swift */,
			);
			path = Content;
			sourceTree = "<group>";
		};
		98C7C3954EEE427166E07F02 /* Alice */ = {
			isa = PBXGroup;
			children = (
				56E990ACCFF7EEA7D3303585 /* Views */,
			);
			path = Alice;
			sourceTree = "<group>";
		};
		A024BC3ABB9D72AE58DE41F3 /* Location */ = {
			isa = PBXGroup;
			children = (
				2E7A9645F230A1DF8AD452F2 /* LocationView.swift */,
			);
			path = Location;
			sourceTree = "<group>";
		};
		A0D2DA1DBC68D3FF71305393 /* Security */ = {
			isa = PBXGroup;
			children = (
				FBBFF77645A4CF02AAB9B2E4 /* CryptoCore.swift */,
				B5F979ECFA4B86BB5CF751BB /* E2EEService.swift */,
				3BF00417178D0B6283A9E6F3 /* KeychainService.swift */,
				391055A01BC7ADD0944EE229 /* README.md */,
			);
			path = Security;
			sourceTree = "<group>";
		};
		A2DFC52AFBE28F07FC481322 /* Extensions */ = {
			isa = PBXGroup;
			children = (
				E35DC62777A5472A407CC9A8 /* DateExtension.swift */,
				E6D7E3C38730CAA90EB8DF00 /* KeyboardExtension.swift */,
			);
			path = Extensions;
			sourceTree = "<group>";
		};
		A5F3D59DC0C4FA06662B5412 /* Components */ = {
			isa = PBXGroup;
			children = (
				829769D43D2B0A9D0B1B3479 /* Carousels */,
				1C740A88949E06B141843AE8 /* Forms */,
				A024BC3ABB9D72AE58DE41F3 /* Location */,
				E374B5E28D2864C4B1BE2A6A /* Pickers */,
				F2795B426DA14476DBC7FE34 /* Settings */,
				803F96C26D9E8C040F88BC22 /* DefaultAvatarView.swift */,
				0BA9A27686FBAD37E301363D /* ShareSheet.swift */,
				T4PP4BL3BTN5W1F7B8C9D0F2 /* TappableButton.swift */,
				V15181L17Y7R4CK3R5W1F7A1 /* VisibilityTracker.swift */,
			);
			path = Components;
			sourceTree = "<group>";
		};
		A7A3F279ACD22C74AFD358A7 /* Views */ = {
			isa = PBXGroup;
			children = (
				516947E0D43092D83564A6CF /* SplashScreenView.swift */,
			);
			path = Views;
			sourceTree = "<group>";
		};
		A8928B707E71735FE0470B84 /* Products */ = {
			isa = PBXGroup;
			children = (
				C6B7EF0FCF06C5477C18E6F9 /* ICERED.app */,
				T3ST00000001PR0DUCT00001 /* ICEREDTests.xctest */,
			);
			name = Products;
			sourceTree = "<group>";
		};
		AAF9D64458E353E7B74D14B0 /* Views */ = {
			isa = PBXGroup;
			children = (
				4A9A692D10654F7EBD583D00 /* Components */,
				FA73CC5E85BCBF50C09E9E70 /* HomeView.swift */,
				FA23E220EDDA2B69DC298BC0 /* PostDetailView.swift */,
				6C8DE5693B6E939EE1A86A67 /* RankingListView.swift */,
			);
			path = Views;
			sourceTree = "<group>";
		};
		AC22F42911AB53124FB16480 /* Views */ = {
			isa = PBXGroup;
			children = (
				5762CD35798707845E339714 /* AccountSwitcherSheet.swift */,
				E5F063A093BCAB41B793415F /* ProfileData.swift */,
				3C740D00C1DD6CF49E4F0A37 /* ProfilePostCard.swift */,
				825B4A1F409795796A47A504 /* ProfileTopNavigationBar.swift */,
				49E80DEE083E86CD070766CC /* ProfileUserInfoSection.swift */,
				CE44BE89D96953ABCAA2E34E /* ProfileView.swift */,
				0421555B5781BC4F1BBB43F4 /* ProfileView.swift.backup */,
				893193464D16DA57F8243351 /* UserProfileView.swift */,
			);
			path = Views;
			sourceTree = "<group>";
		};
		AE34EC630E630967EAB4205F /* Views */ = {
			isa = PBXGroup;
			children = (
				D8859BB1AE9FA6D7D5824E50 /* NewPostView.swift */,
				AF7C3F1FF4F4ED65A51E66E2 /* WriteView.swift */,
			);
			path = Views;
			sourceTree = "<group>";
		};
		AFD0A3F108AAF080FC600DEA /* Views */ = {
			isa = PBXGroup;
			children = (
				20DAD625E4C0EF4A01010AE7 /* DevicesView.swift */,
				7382F96F698E0CDC89B99912 /* GetVerifiedView.swift */,
				75ADA8314EFFF10E30AEE448 /* InviteFriendsView.swift */,
				9C7716AC8A2A67A629B5AA6D /* MyChannelsView.swift */,
				F49BDC924F2780626F9D2CBA /* ProfileSettingView.swift */,
				EA6D2E536652EEB5F08CB53D /* SettingsView.swift */,
			);
			path = Views;
			sourceTree = "<group>";
		};
		B5C695DC3E63B0D8F4D8BEDA /* Shared */ = {
			isa = PBXGroup;
			children = (
				92B133E8A586B8C1F937EF36 /* Components */,
				D94241145FF12B05D231292B /* Design */,
				A2DFC52AFBE28F07FC481322 /* Extensions */,
				4F70094435EAF464A17F9E8C /* Models */,
				3639645BC60AEEF8F6A61480 /* Services */,
				03227C42DE12A3503BF69DE4 /* UI */,
				C5DD27A0CF3C366667DE9A21 /* Utilities */,
			);
			path = Shared;
			sourceTree = "<group>";
		};
		B9E4D1CC7153C3F803A0D220 /* Graph */ = {
			isa = PBXGroup;
			children = (
				5CE6D2432D55B7E9FEE4622C /* GraphService.swift */,
			);
			path = Graph;
			sourceTree = "<group>";
		};
		BAC90BFFFB9FCF3265327C6C /* Home */ = {
			isa = PBXGroup;
			children = (
				53E4E6B70DCDF2F2C24D38B7 /* ViewModels */,
				AAF9D64458E353E7B74D14B0 /* Views */,
			);
			path = Home;
			sourceTree = "<group>";
		};
		BD097F1C3825E3185AF9B529 /* ViewModels */ = {
			isa = PBXGroup;
			children = (
				76856E465B25C89F2D6954C1 /* ProfileSettingViewModel.swift */,
				712BA1842DBC03D66DB2611F /* SettingsViewModel.swift */,
			);
			path = ViewModels;
			sourceTree = "<group>";
		};
		BD2FF1AC14A2F3B87893B687 /* Views */ = {
			isa = PBXGroup;
			children = (
				24173BE45B1DC7AA94F7016A /* AddFriendsView.swift */,
			);
			path = Views;
			sourceTree = "<group>";
		};
		C0F0D06F67C74BEC7D632551 /* Search */ = {
			isa = PBXGroup;
			children = (
				666C1CC1B615DC9DCDD053FA /* SearchModels.swift */,
			);
			path = Search;
			sourceTree = "<group>";
		};
		C5DD27A0CF3C366667DE9A21 /* Utilities */ = {
			isa = PBXGroup;
			children = (
				DD8FB047FFB30F2D43138A99 /* QRCodeGenerator.swift */,
			);
			path = Utilities;
			sourceTree = "<group>";
		};
		C75C6869B683B66215B158DA /* Modals */ = {
			isa = PBXGroup;
			children = (
				E26FCF7308D047749F56999C /* NameSelectorModal.swift */,
				AEE69E5CD9B931C1CE6C4C48 /* ReportModal.swift */,
				1596370EBA1BDEA11435D488 /* SaveDraftModal.swift */,
				9DB971D0D914AD2BF041C7C0 /* ThankYouModal.swift */,
			);
			path = Modals;
			sourceTree = "<group>";
		};
		C9837B6211C93EBBDA35F0F0 /* Matrix */ = {
			isa = PBXGroup;
			children = (
				79CD728AAD8F73549C311B73 /* INTEGRATION_GUIDE.md */,
				234851800D447CF6CD504A1A /* MatrixBridgeService.swift */,
				A373078F13E1684A5699D2E5 /* MatrixService.swift */,
				234851800D447CF6CD504A2B /* MatrixSSOManager.swift */,
			);
			path = Matrix;
			sourceTree = "<group>";
		};
		CBAB01C4F6D6DE615F8CAE48 /* Views */ = {
			isa = PBXGroup;
			children = (
				36A22EF01EE6C23DBFD7BBE2 /* CreateAccountView.swift */,
				B11D90E19EB8E81DACA13AAB /* ForgotPasswordView.swift */,
				31C506816FBC6DA8C0428370 /* LoginView.swift */,
				F413929E863DA61C476F44D6 /* PhoneRegistrationView.swift */,
				36F012F2E478BE330431A7E0 /* ResetPasswordView.swift */,
				D661B4DD0C4067F3F4F871A5 /* WelcomeView.swift */,
			);
			path = Views;
			sourceTree = "<group>";
		};
		D101599A1BA717B57A370B3B /* Notifications */ = {
			isa = PBXGroup;
			children = (
				18D81B60831EF4FE156F07C2 /* ViewModels */,
				17A7582FD3ED4EA2AA5B0087 /* Views */,
			);
			path = Notifications;
			sourceTree = "<group>";
		};
		D3B9518C5063D61AA216A2E8 /* Auth */ = {
			isa = PBXGroup;
			children = (
				69B449484719B1691927E1D6 /* AuthenticationManager.swift */,
				18618EED114C808B5657EFBD /* OAuthService.swift */,
				C2CAD3284489FA543E721ABA /* PhoneAuthService.swift */,
			);
			path = Auth;
			sourceTree = "<group>";
		};
		D94241145FF12B05D231292B /* Design */ = {
			isa = PBXGroup;
			children = (
				D040E1C8EF2FF6D6CBAAA5E3 /* DesignTokens.swift */,
			);
			path = Design;
			sourceTree = "<group>";
		};
		DAD6B8398A62551B70008FBC /* Friends */ = {
			isa = PBXGroup;
			children = (
				CD847153CD7FA68CE04B284E /* FriendsService.swift */,
			);
			path = Friends;
			sourceTree = "<group>";
		};
		E2BB85C6A4838537AC0A6DA7 /* GroupChat */ = {
			isa = PBXGroup;
			children = (
				2B344FE31446BAA9B4B85DE8 /* Views */,
			);
			path = GroupChat;
			sourceTree = "<group>";
		};
		E374B5E28D2864C4B1BE2A6A /* Pickers */ = {
			isa = PBXGroup;
			children = (
				DCD4CC5045F5A5B1C3BD50BC /* DateOfBirthPickerView.swift */,
				469C59BDF0390BCAF3E4BA32 /* GenderPickerView.swift */,
				D121644B7F1277C322CA6A51 /* LocationPickerView.swift */,
			);
			path = Pickers;
			sourceTree = "<group>";
		};
		E569866CEDF9252E8DB56DCB /* Auth */ = {
			isa = PBXGroup;
			children = (
				CBAB01C4F6D6DE615F8CAE48 /* Views */,
			);
			path = Auth;
			sourceTree = "<group>";
		};
		E6E8826667E44AC492D28F0C /* Communication */ = {
			isa = PBXGroup;
			children = (
				0FC3601C5DCD3158E371A0D5 /* CommunicationService.swift */,
			);
			path = Communication;
			sourceTree = "<group>";
		};
		EFCC6B7ECE056A3BEBA0C25D /* Media */ = {
			isa = PBXGroup;
			children = (
				CEF8FF5474ACC090E1F95421 /* AudioRecorderService.swift */,
				1M4GC4CH35RV1C3F1L3R3F01 /* ImageCacheService.swift */,
				F0CEAA8A405BB702DA178841 /* LivePhotoManager.swift */,
				4FF0A921465A0341D2137D47 /* MediaService.swift */,
			);
			path = Media;
			sourceTree = "<group>";
		};
		F2795B426DA14476DBC7FE34 /* Settings */ = {
			isa = PBXGroup;
			children = (
				24CEFEAC014290526A9CD69E /* PostAsSelectionPanel.swift */,
				66B36D2C99940153852FD4AA /* SettingsRow.swift */,
			);
			path = Settings;
			sourceTree = "<group>";
		};
		F6C2CD1B26A3EF62FC3F1BD0 /* Social */ = {
			isa = PBXGroup;
			children = (
				9EB3A1844A28ADE400B2CB8B /* SocialService.swift */,
			);
			path = Social;
			sourceTree = "<group>";
		};
		FF2FF5942A0EA899432AB340 /* Chat */ = {
			isa = PBXGroup;
			children = (
				D513935D933B49861CE3742D /* ConversationModels.swift */,
				1643FCCAD5E970693182E5B1 /* E2EEModels.swift */,
			);
			path = Chat;
			sourceTree = "<group>";
		};
		FFBD16B5C50B19B49FC31E67 /* Networking */ = {
			isa = PBXGroup;
			children = (
				C793C66FA2BEB9095768AB8E /* APIClient.swift */,
				3C4BE13F136F4EEE21D1B806 /* APIConfig.swift */,
				3ADE31A2BE4914B0F21C29A9 /* APIError.swift */,
			);
			path = Networking;
			sourceTree = "<group>";
		};
		"TEMP_AD0E8573-26B1-4DB3-9B16-2B2E84D2CBF7" /* NovaSocial */ = {
			isa = PBXGroup;
			children = (
				"TEMP_628C62BD-34AB-4010-A326-AD6D45DCB303" /* ICERED.entitlements */,
				"TEMP_E63568BF-A7D7-4C7A-89DF-4EFED8C18428" /* Assets.xcassets */,
				"TEMP_4EBE7D73-1C55-4BD3-B241-D7C46CABFC2E" /* .gitignore */,
				"TEMP_B22EE1DB-BC02-4624-9638-B2FED88AC8E5" /* PrivacyInfo.xcprivacy */,
				"TEMP_680CBF3C-22E9-4097-98CC-8B6AE3137200" /* .gitattributes */,
				"TEMP_3EACCE73-911D-4DC5-B30F-5C1A27015ECB" /* AppPage.swift */,
				"TEMP_8DEC847E-2D57-4373-9B8E-83E7906CA3D9" /* AppDelegate.swift */,
				"TEMP_CF428DCC-07DB-4266-A59F-08A7ED470EDF" /* App.swift */,
				3A2A516A81467921E0E7441B /* Features */,
				B5C695DC3E63B0D8F4D8BEDA /* Shared */,
				"TEMP_93054C4B-E97C-4061-AE5D-B538CB662700" /* Localizable.strings */,
			);
			path = NovaSocial;
			sourceTree = "<group>";
		};
/* End PBXGroup section */

/* Begin PBXNativeTarget section */
		43DFB9EDE928000873671E7C /* ICERED */ = {
			isa = PBXNativeTarget;
			buildConfigurationList = 4A7D2CDB1817529D32222B3E /* Build configuration list for PBXNativeTarget "ICERED" */;
			buildPhases = (
				4596E0ED4605F38758AEE173 /* Sources */,
				F3358EDED8BB0EA4BB7DC824 /* Resources */,
				9AD301B5E184293F220D88B9 /* Frameworks */,
			);
			buildRules = (
			);
			dependencies = (
			);
			name = ICERED;
			packageProductDependencies = (
				993B7693D000A65F41AB0A29 /* RtcBasic */,
			);
			productName = ICERED;
			productReference = C6B7EF0FCF06C5477C18E6F9 /* ICERED.app */;
			productType = "com.apple.product-type.application";
		};
		T3ST00000001N4T1V3T4RG3T /* ICEREDTests */ = {
			isa = PBXNativeTarget;
			buildConfigurationList = T3ST00000001C0NF1GL1ST01 /* Build configuration list for PBXNativeTarget "ICEREDTests" */;
			buildPhases = (
				T3ST00000001S0URC3SPH4S3 /* Sources */,
				T3ST00000001FR4M3W0RKSPH /* Frameworks */,
			);
			buildRules = (
			);
			dependencies = (
				T3ST00000001D3P3ND3NCY01 /* PBXTargetDependency */,
			);
			name = ICEREDTests;
			productName = ICEREDTests;
			productReference = T3ST00000001PR0DUCT00001 /* ICEREDTests.xctest */;
			productType = "com.apple.product-type.bundle.unit-test";
		};
/* End PBXNativeTarget section */

/* Begin PBXProject section */
		0E48B1C79A478A03E910CD0B /* Project object */ = {
			isa = PBXProject;
			attributes = {
				BuildIndependentTargetsInParallel = YES;
				LastUpgradeCheck = 1430;
				TargetAttributes = {
					43DFB9EDE928000873671E7C = {
						DevelopmentTeam = "";
						ProvisioningStyle = Automatic;
					};
					T3ST00000001N4T1V3T4RG3T = {
						CreatedOnToolsVersion = 15.0;
						DevelopmentTeam = "";
						ProvisioningStyle = Automatic;
						TestTargetID = 43DFB9EDE928000873671E7C;
					};
				};
			};
			buildConfigurationList = 7D8C2CF219822CAE12227F06 /* Build configuration list for PBXProject "ICERED" */;
			compatibilityVersion = "Xcode 14.0";
			developmentRegion = en;
			hasScannedForEncodings = 0;
			knownRegions = (
				Base,
				en,
			);
			mainGroup = 2B8332984B31687875C6AC6E;
			minimizedProjectReferenceProxies = 1;
			packageReferences = (
				6F31D960E8920F9EA1157343 /* XCRemoteSwiftPackageReference "AgoraRtcEngine_iOS" */,
			);
			preferredProjectObjectVersion = 77;
			projectDirPath = "";
			projectRoot = "";
			targets = (
				43DFB9EDE928000873671E7C /* ICERED */,
				T3ST00000001N4T1V3T4RG3T /* ICEREDTests */,
			);
		};
/* End PBXProject section */

/* Begin PBXResourcesBuildPhase section */
		F3358EDED8BB0EA4BB7DC824 /* Resources */ = {
			isa = PBXResourcesBuildPhase;
			buildActionMask = 2147483647;
			files = (
				3F0F5D8CDF85530D45ADC4E9 /* Assets.xcassets in Resources */,
				4679E194ED83C34FB4DCCDAE /* INTEGRATION_GUIDE.md in Resources */,
				F4623B2451A2F410D38A2C77 /* Localizable.strings in Resources */,
				C0F39A0A6B4D0B1E03D02017 /* PrivacyInfo.xcprivacy in Resources */,
				F3429658C1C73F4F372CCD98 /* ProfileView.swift.backup in Resources */,
				F573A16EBB5F33CFDC196FC0 /* README.md in Resources */,
			);
			runOnlyForDeploymentPostprocessing = 0;
		};
/* End PBXResourcesBuildPhase section */

/* Begin PBXSourcesBuildPhase section */
		4596E0ED4605F38758AEE173 /* Sources */ = {
			isa = PBXSourcesBuildPhase;
			buildActionMask = 2147483647;
			files = (
				22E0C78030CDE594A3351101 /* APIClient.swift in Sources */,
				5D3CEE9D7C0E99FCE63E6D0D /* APIConfig.swift in Sources */,
				ACF209A76A3C5E01292691FB /* APIError.swift in Sources */,
				0F27F8BA94B02A52810F5D84 /* AccountSwitcherSheet.swift in Sources */,
				B8D76B18B9718D4B1A5EDCBE /* AddFriendsView.swift in Sources */,
				CB9061143A686567A786CA6D /* AliceService.swift in Sources */,
				BD10D463F04D5CDB7670D4A3 /* AliceView.swift in Sources */,
				F1888254C4BE3800E997DF37 /* AliceVoiceConfig.swift in Sources */,
				4CBCDA527DB61D8C7DF94F18 /* App.swift in Sources */,
				29DB0ABE42B1A7356B8FD6F8 /* AppDelegate.swift in Sources */,
				1B0B39712BE6D9281D5BF469 /* AppPage.swift in Sources */,
				1998987BB31CAA5C9AB84774 /* AudioRecorderService.swift in Sources */,
				E3C3EA86F619CE1A0DDF83AF /* AuthenticationManager.swift in Sources */,
				4CDCF12D671ED706F990A390 /* AvatarManager.swift in Sources */,
				D7AFE432126A56E55FF97783 /* BottomTabBar.swift in Sources */,
				17BADB88A6299F21878B9602 /* CarouselCardItem.swift in Sources */,
				16A00A9F355364B31163C73B /* CarouselView.swift in Sources */,
				0110DBA1EA84032CDEA590D7 /* ChatService.swift in Sources */,
				162EEE7D84A7DE23589C45F0 /* ChatView.swift in Sources */,
				162EEE7D84A7DE23589C45F1 /* ChatViewModel.swift in Sources */,
				E0B1B70631617B9CDF27DE9D /* CommentCardItem.swift in Sources */,
				97F6C657D7E2048352947CDA /* CommentSheetView.swift in Sources */,
				C14F2A4B72CAD50242535A72 /* CommunicationService.swift in Sources */,
				053C8BF9C3C70329DFED17F2 /* ContentModels.swift in Sources */,
				F22C78793E4AE7D3AC1019A4 /* ContentService.swift in Sources */,
				30B4DE5EEC65B15F44D5A916 /* ConversationModels.swift in Sources */,
				2BBB5ECE93BB69A1726B21C2 /* CreateAccountView.swift in Sources */,
				0CE35545BE0426ACFD947E22 /* CryptoCore.swift in Sources */,
				EB0FE1C0C133317FDCEF80FE /* DateExtension.swift in Sources */,
				44135CB1C50867467D212A7B /* DateOfBirthPickerView.swift in Sources */,
				0E255AAE8F1562704602EDE8 /* DefaultAvatarView.swift in Sources */,
				0192881506556BB11FF1C57D /* DesignTokens.swift in Sources */,
				389668DBBA1E8F73CFC86A09 /* DeviceModels.swift in Sources */,
				A35ABFA321D24C60DB3F1AE2 /* DeviceService.swift in Sources */,
				C5BCFFB06545187FF2579AA3 /* DevicesView.swift in Sources */,
				487679CAADFC71FB11F48B16 /* E2EEModels.swift in Sources */,
				C7656F0B6780081D00E6AF0F /* E2EEService.swift in Sources */,
				00131FB01A97D166FFA80E77 /* FeedLayoutConfig.swift in Sources */,
				36197AA754ED191DC4253E52 /* FeedPostCard.swift in Sources */,
				F3875421DC867115D4BF2E4E /* FeedService.swift in Sources */,
				D200816F952844B6819764EC /* FeedVideoPlayer.swift in Sources */,
				2475D6EC167A437816556776 /* FeedViewModel.swift in Sources */,
				EDF27D6C1C9AE2719C3D6FE9 /* ForgotPasswordView.swift in Sources */,
				E554EFD2A94C43A8F074917B /* FormRow.swift in Sources */,
				B758D4147BCE8D66A7CCF166 /* FriendsService.swift in Sources */,
				41F6B4399375507FD4982497 /* GenderPickerView.swift in Sources */,
				3553BB6E62A9D150C65FA109 /* GenerateImage01View.swift in Sources */,
				E1E08EAE40CCE72F24509180 /* GetVerifiedView.swift in Sources */,
				7E83F8E47D13BC77F1E43BF5 /* GraphService.swift in Sources */,
				8F9D3E8DE6E5D6EF2AD58793 /* GroupChatView.swift in Sources */,
				29510E46949E636C6C54D4B1 /* HomeView.swift in Sources */,
				1M4GC4CH35RV1C3BU1LDF1L3 /* ImageCacheService.swift in Sources */,
				7352CA226A8DA46D21339FB3 /* HottestBankerSection.swift in Sources */,
				395C493B4D5D56E70D9296BA /* IdentityService.swift in Sources */,
				7729CDB2D821BD9D0E4C8DE1 /* InviteFriendsView.swift in Sources */,
				B89382820C004AFA0B61E86B /* KeyboardExtension.swift in Sources */,
				25999654EF73AB23FD488809 /* KeychainService.swift in Sources */,
				82C9BD41879DA5DF78FF4FF9 /* LivePhotoManager.swift in Sources */,
				3C256333D1261A332236B029 /* LivePhotoView.swift in Sources */,
				92D0BFD08724FB2E66A2AF8C /* LocationPickerView.swift in Sources */,
				7F0B6D561E24238202ABCB55 /* LocationView.swift in Sources */,
				4C722130FF631EA3ED07E08E /* LoginView.swift in Sources */,
				02A9DB80B22101FDD66A033D /* MatrixBridgeService.swift in Sources */,
				5B4C21CD305C033B16C603A0 /* MatrixService.swift in Sources */,
				02A9DB80B22101FDD66A034E /* MatrixSSOManager.swift in Sources */,
				79D3B98307F3B7BCE51E29BC /* MediaService.swift in Sources */,
				F213E5619BF6A2E4B0A7E098 /* MessageView.swift in Sources */,
				FE5A7851F73E4DAE93743284 /* MyChannelsView.swift in Sources */,
				B0EE8CAD1973B1C29CB02702 /* MyQRCodeView.swift in Sources */,
				C6D562180DEC83593F48A910 /* NameSelectorModal.swift in Sources */,
				09D77F54E987AC76D5971878 /* NavigationManager.swift in Sources */,
				93332CF55086E48205E3AC5D /* NewChatView.swift in Sources */,
				93FEC8C4761A1B0CADDDD85D /* NewPostView.swift in Sources */,
				3D216176053F8FE3A6D5AC34 /* NotificationModels.swift in Sources */,
				4E9050A05F22518EA27D339E /* NotificationService.swift in Sources */,
				7564A99AE77BB7DB15FF8418 /* NotificationView.swift in Sources */,
				F87C58656F5FD03A8C3345EB /* NotificationViewModel.swift in Sources */,
				395113E5360AAA3CF258875A /* OAuthService.swift in Sources */,
				9127641952A87D2E4677B311 /* PhoneAuthService.swift in Sources */,
				1183B659832CB30303FC0564 /* PhoneRegistrationView.swift in Sources */,
				872EE38FD80234144C2CC601 /* PhotoOptionsModal.swift in Sources */,
				124E367C3D6397C95405BDAF /* PostAsSelectionPanel.swift in Sources */,
				9389F156C98CF196FEB04813 /* PostDetailView.swift in Sources */,
				9618F12F74A70D9629855613 /* ProfileData.swift in Sources */,
				C2F8125A11FCF6539808A26C /* ProfilePostCard.swift in Sources */,
				5C3150E93366A7CA710BAA24 /* ProfileSettingView.swift in Sources */,
				42E9CA3EF110B66F38467879 /* ProfileSettingViewModel.swift in Sources */,
				A912922B6BBA2DF988E0EB03 /* ProfileTopNavigationBar.swift in Sources */,
				B70FF9F29360AB72806A05BB /* ProfileUserInfoSection.swift in Sources */,
				ADCA1CA875E340CD04D2237A /* ProfileView.swift in Sources */,
				E35833BF57E564C083624F78 /* PromoBannerView.swift in Sources */,
				C0480BCF2E42D001DE512CB6 /* PushNotificationManager.swift in Sources */,
				272598D330CF94B84DFC9650 /* QRCodeGenerator.swift in Sources */,
				8C368314174D9C9842F80006 /* QRCodeScannerView.swift in Sources */,
				DBE3AAEB7DC22DB676605556 /* RankingListView.swift in Sources */,
				CC700C91BF81E53E632C64A3 /* ReportModal.swift in Sources */,
				7FB2813C5F058BF27D738C34 /* ResetPasswordView.swift in Sources */,
				52B4AF85DD004B3CF9B29606 /* SaveDraftModal.swift in Sources */,
				247E804A7F92D09EA2C7651D /* SearchModels.swift in Sources */,
				84F417FDBE90F2BD12306ACA /* SearchService.swift in Sources */,
				45877509D5B986A55361F3E8 /* SearchView.swift in Sources */,
				724FB3B775ED48B1AF7C0BE4 /* SearchViewModel.swift in Sources */,
				61D284A4B659E880982BAF8E /* SettingsRow.swift in Sources */,
				424E9016838E6F81E091A92F /* SettingsView.swift in Sources */,
				72CE287C304465CADA0CD7C4 /* SettingsViewModel.swift in Sources */,
				EEBF79C69078D7BD5A9E44DB /* ShareSheet.swift in Sources */,
				T4PP4BL3BTN5W1F7B8C9D0E1 /* TappableButton.swift in Sources */,
				C4CH3D4SY8C1M4G3B5C7D9E2 /* CachedAsyncImage.swift in Sources */,
				V15181L17YBU1LD5RC5ABCD1 /* VisibilityTracker.swift in Sources */,
				2B3C1F85A7E47D750599DF9C /* SimpleCarouselView.swift in Sources */,
				46C169B49CD9E53AB2048574 /* SocialService.swift in Sources */,
				ACB96FD8E0748DE08465014E /* SplashScreenView.swift in Sources */,
				77500437FB36D394DA15104A /* StartGroupChatView.swift in Sources */,
				A0E98C8402F42826C6B27C70 /* ThankYouModal.swift in Sources */,
				6D0C21031462E562690ADEA4 /* TrendingService.swift in Sources */,
				9F4007BE87A9E709B48DF9B9 /* UserModels.swift in Sources */,
				901B04AD0FB9157984F80EFF /* UserPostsManager.swift in Sources */,
				B1D7184D4B2131AC5C5FC6B6 /* UserProfileView.swift in Sources */,
				E703C7313E17C9B58A056F35 /* UserService.swift in Sources */,
				38D9B4683E0D9D955F1A127E /* VoiceChatService.swift in Sources */,
				705D1C2F493FFF2281781676 /* VoiceChatView.swift in Sources */,
				18CB186E9A47D1322F9492F3 /* WelcomeView.swift in Sources */,
				1648C8ED60D353785E217E14 /* WriteView.swift in Sources */,
			);
			runOnlyForDeploymentPostprocessing = 0;
		};
		T3ST00000001S0URC3SPH4S3 /* Sources */ = {
			isa = PBXSourcesBuildPhase;
			buildActionMask = 2147483647;
			files = (
				T3ST00000001BU1LDF1L30001 /* APIClientTests.swift in Sources */,
				T3ST00000001BU1LDF1L30002 /* ErrorHandlingTests.swift in Sources */,
				T3ST00000001BU1LDF1L30003 /* AuthenticationManagerTests.swift in Sources */,
				T3ST00000001BU1LDF1L30004 /* IdentityServiceTests.swift in Sources */,
				T3ST00000001BU1LDF1L30005 /* MockURLProtocol.swift in Sources */,
				T3ST00000001BU1LDF1L30006 /* TestFixtures.swift in Sources */,
			);
			runOnlyForDeploymentPostprocessing = 0;
		};
/* End PBXSourcesBuildPhase section */

/* Begin PBXVariantGroup section */
		"TEMP_93054C4B-E97C-4061-AE5D-B538CB662700" /* Localizable.strings */ = {
			isa = PBXVariantGroup;
			children = (
				"TEMP_662E8204-566C-441B-B6C8-6F7944E24B65" /* en */,
			);
			name = Localizable.strings;
			sourceTree = "<group>";
		};
/* End PBXVariantGroup section */

/* Begin XCBuildConfiguration section */
		134392A9F3A84E090881AB8A /* Release */ = {
			isa = XCBuildConfiguration;
			buildSettings = {
				ALWAYS_SEARCH_USER_PATHS = NO;
				CLANG_ANALYZER_NONNULL = YES;
				CLANG_ANALYZER_NUMBER_OBJECT_CONVERSION = YES_AGGRESSIVE;
				CLANG_CXX_LANGUAGE_STANDARD = "gnu++14";
				CLANG_CXX_LIBRARY = "libc++";
				CLANG_ENABLE_MODULES = YES;
				CLANG_ENABLE_OBJC_ARC = YES;
				CLANG_ENABLE_OBJC_WEAK = YES;
				CLANG_WARN_BLOCK_CAPTURE_AUTORELEASING = YES;
				CLANG_WARN_BOOL_CONVERSION = YES;
				CLANG_WARN_COMMA = YES;
				CLANG_WARN_CONSTANT_CONVERSION = YES;
				CLANG_WARN_DEPRECATED_OBJC_IMPLEMENTATIONS = YES;
				CLANG_WARN_DIRECT_OBJC_ISA_USAGE = YES_ERROR;
				CLANG_WARN_DOCUMENTATION_COMMENTS = YES;
				CLANG_WARN_EMPTY_BODY = YES;
				CLANG_WARN_ENUM_CONVERSION = YES;
				CLANG_WARN_INFINITE_RECURSION = YES;
				CLANG_WARN_INT_CONVERSION = YES;
				CLANG_WARN_NON_LITERAL_NULL_CONVERSION = YES;
				CLANG_WARN_OBJC_IMPLICIT_RETAIN_SELF = YES;
				CLANG_WARN_OBJC_LITERAL_CONVERSION = YES;
				CLANG_WARN_OBJC_ROOT_CLASS = YES_ERROR;
				CLANG_WARN_QUOTED_INCLUDE_IN_FRAMEWORK_HEADER = YES;
				CLANG_WARN_RANGE_LOOP_ANALYSIS = YES;
				CLANG_WARN_STRICT_PROTOTYPES = YES;
				CLANG_WARN_SUSPICIOUS_MOVE = YES;
				CLANG_WARN_UNGUARDED_AVAILABILITY = YES_AGGRESSIVE;
				CLANG_WARN_UNREACHABLE_CODE = YES;
				CLANG_WARN__DUPLICATE_METHOD_MATCH = YES;
				COPY_PHASE_STRIP = NO;
				CURRENT_PROJECT_VERSION = 1;
				DEBUG_INFORMATION_FORMAT = "dwarf-with-dsym";
				DEVELOPMENT_TEAM = "";
				ENABLE_NS_ASSERTIONS = NO;
				ENABLE_STRICT_OBJC_MSGSEND = YES;
				GCC_C_LANGUAGE_STANDARD = gnu11;
				GCC_NO_COMMON_BLOCKS = YES;
				GCC_WARN_64_TO_32_BIT_CONVERSION = YES;
				GCC_WARN_ABOUT_RETURN_TYPE = YES_ERROR;
				GCC_WARN_UNDECLARED_SELECTOR = YES;
				GCC_WARN_UNINITIALIZED_AUTOS = YES_AGGRESSIVE;
				GCC_WARN_UNUSED_FUNCTION = YES;
				GCC_WARN_UNUSED_VARIABLE = YES;
				MARKETING_VERSION = 1.0;
				MTL_ENABLE_DEBUG_INFO = NO;
				MTL_FAST_MATH = YES;
				PRODUCT_NAME = "$(TARGET_NAME)";
				SDKROOT = iphoneos;
				SWIFT_COMPILATION_MODE = wholemodule;
				SWIFT_OPTIMIZATION_LEVEL = "-O";
				SWIFT_VERSION = 5.0;
			};
			name = Release;
		};
		4ADA5697A841C13D0556453E /* Debug */ = {
			isa = XCBuildConfiguration;
			buildSettings = {
				ASSETCATALOG_COMPILER_APPICON_NAME = AppIcon;
				CODE_SIGN_ENTITLEMENTS = ICERED.entitlements;
				CODE_SIGN_IDENTITY = "Apple Development";
				CODE_SIGN_STYLE = Automatic;
				DEBUG_INFORMATION_FORMAT = "dwarf-with-dsym";
				ENABLE_BITCODE = NO;
				INFOPLIST_FILE = Info.plist;
				IPHONEOS_DEPLOYMENT_TARGET = 18.0;
				LD_RUNPATH_SEARCH_PATHS = (
					"$(inherited)",
					"@executable_path/Frameworks",
				);
				NSMicrophoneUsageDescription = "Alice needs microphone access for voice chat";
				OTHER_LDFLAGS = (
					"-ObjC",
				);
				PRODUCT_BUNDLE_IDENTIFIER = com.libruce.icered;
				SDKROOT = iphoneos;
				SWIFT_OPTIMIZATION_LEVEL = "-Onone";
				SWIFT_VERSION = 5.9;
				TARGETED_DEVICE_FAMILY = "1,2";
			};
			name = Debug;
		};
		7CD5AA6292E642136E070DE2 /* Release */ = {
			isa = XCBuildConfiguration;
			buildSettings = {
				ASSETCATALOG_COMPILER_APPICON_NAME = AppIcon;
				CODE_SIGN_ENTITLEMENTS = ICERED.entitlements;
				CODE_SIGN_IDENTITY = "Apple Development";
				CODE_SIGN_STYLE = Automatic;
				DEBUG_INFORMATION_FORMAT = "dwarf-with-dsym";
				ENABLE_BITCODE = NO;
				INFOPLIST_FILE = Info.plist;
				IPHONEOS_DEPLOYMENT_TARGET = 18.0;
				LD_RUNPATH_SEARCH_PATHS = (
					"$(inherited)",
					"@executable_path/Frameworks",
				);
				NSMicrophoneUsageDescription = "Alice needs microphone access for voice chat";
				OTHER_LDFLAGS = (
					"-ObjC",
				);
				PRODUCT_BUNDLE_IDENTIFIER = com.libruce.icered;
				SDKROOT = iphoneos;
				SWIFT_OPTIMIZATION_LEVEL = "-O";
				SWIFT_VERSION = 5.9;
				TARGETED_DEVICE_FAMILY = "1,2";
			};
			name = Release;
		};
		80825814EBE9A4A0B8305E6B /* Debug */ = {
			isa = XCBuildConfiguration;
			buildSettings = {
				ALWAYS_SEARCH_USER_PATHS = NO;
				CLANG_ANALYZER_NONNULL = YES;
				CLANG_ANALYZER_NUMBER_OBJECT_CONVERSION = YES_AGGRESSIVE;
				CLANG_CXX_LANGUAGE_STANDARD = "gnu++14";
				CLANG_CXX_LIBRARY = "libc++";
				CLANG_ENABLE_MODULES = YES;
				CLANG_ENABLE_OBJC_ARC = YES;
				CLANG_ENABLE_OBJC_WEAK = YES;
				CLANG_WARN_BLOCK_CAPTURE_AUTORELEASING = YES;
				CLANG_WARN_BOOL_CONVERSION = YES;
				CLANG_WARN_COMMA = YES;
				CLANG_WARN_CONSTANT_CONVERSION = YES;
				CLANG_WARN_DEPRECATED_OBJC_IMPLEMENTATIONS = YES;
				CLANG_WARN_DIRECT_OBJC_ISA_USAGE = YES_ERROR;
				CLANG_WARN_DOCUMENTATION_COMMENTS = YES;
				CLANG_WARN_EMPTY_BODY = YES;
				CLANG_WARN_ENUM_CONVERSION = YES;
				CLANG_WARN_INFINITE_RECURSION = YES;
				CLANG_WARN_INT_CONVERSION = YES;
				CLANG_WARN_NON_LITERAL_NULL_CONVERSION = YES;
				CLANG_WARN_OBJC_IMPLICIT_RETAIN_SELF = YES;
				CLANG_WARN_OBJC_LITERAL_CONVERSION = YES;
				CLANG_WARN_OBJC_ROOT_CLASS = YES_ERROR;
				CLANG_WARN_QUOTED_INCLUDE_IN_FRAMEWORK_HEADER = YES;
				CLANG_WARN_RANGE_LOOP_ANALYSIS = YES;
				CLANG_WARN_STRICT_PROTOTYPES = YES;
				CLANG_WARN_SUSPICIOUS_MOVE = YES;
				CLANG_WARN_UNGUARDED_AVAILABILITY = YES_AGGRESSIVE;
				CLANG_WARN_UNREACHABLE_CODE = YES;
				CLANG_WARN__DUPLICATE_METHOD_MATCH = YES;
				COPY_PHASE_STRIP = NO;
				CURRENT_PROJECT_VERSION = 1;
				DEBUG_INFORMATION_FORMAT = dwarf;
				DEVELOPMENT_TEAM = "";
				ENABLE_STRICT_OBJC_MSGSEND = YES;
				ENABLE_TESTABILITY = YES;
				GCC_C_LANGUAGE_STANDARD = gnu11;
				GCC_DYNAMIC_NO_PIC = NO;
				GCC_NO_COMMON_BLOCKS = YES;
				GCC_OPTIMIZATION_LEVEL = 0;
				GCC_PREPROCESSOR_DEFINITIONS = (
					"$(inherited)",
					"DEBUG=1",
				);
				GCC_WARN_64_TO_32_BIT_CONVERSION = YES;
				GCC_WARN_ABOUT_RETURN_TYPE = YES_ERROR;
				GCC_WARN_UNDECLARED_SELECTOR = YES;
				GCC_WARN_UNINITIALIZED_AUTOS = YES_AGGRESSIVE;
				GCC_WARN_UNUSED_FUNCTION = YES;
				GCC_WARN_UNUSED_VARIABLE = YES;
				MARKETING_VERSION = 1.0;
				MTL_ENABLE_DEBUG_INFO = INCLUDE_SOURCE;
				MTL_FAST_MATH = YES;
				ONLY_ACTIVE_ARCH = YES;
				PRODUCT_NAME = "$(TARGET_NAME)";
				SDKROOT = iphoneos;
				SWIFT_ACTIVE_COMPILATION_CONDITIONS = DEBUG;
				SWIFT_OPTIMIZATION_LEVEL = "-Onone";
				SWIFT_VERSION = 5.0;
			};
			name = Debug;
		};
		T3ST00000001C0NF1GD3BUG1 /* Debug */ = {
			isa = XCBuildConfiguration;
			buildSettings = {
				BUNDLE_LOADER = "$(TEST_HOST)";
				CODE_SIGN_STYLE = Automatic;
				CURRENT_PROJECT_VERSION = 1;
				DEVELOPMENT_TEAM = "";
				GENERATE_INFOPLIST_FILE = YES;
				IPHONEOS_DEPLOYMENT_TARGET = 18.0;
				MARKETING_VERSION = 1.0;
				PRODUCT_BUNDLE_IDENTIFIER = com.libruce.icered.tests;
				PRODUCT_NAME = "$(TARGET_NAME)";
				SDKROOT = iphoneos;
				SWIFT_EMIT_LOC_STRINGS = NO;
				SWIFT_VERSION = 5.9;
				TARGETED_DEVICE_FAMILY = "1,2";
				TEST_HOST = "$(BUILT_PRODUCTS_DIR)/ICERED.app/$(BUNDLE_EXECUTABLE_FOLDER_PATH)/ICERED";
			};
			name = Debug;
		};
		T3ST00000001C0NF1GR3L3S1 /* Release */ = {
			isa = XCBuildConfiguration;
			buildSettings = {
				BUNDLE_LOADER = "$(TEST_HOST)";
				CODE_SIGN_STYLE = Automatic;
				CURRENT_PROJECT_VERSION = 1;
				DEVELOPMENT_TEAM = "";
				GENERATE_INFOPLIST_FILE = YES;
				IPHONEOS_DEPLOYMENT_TARGET = 18.0;
				MARKETING_VERSION = 1.0;
				PRODUCT_BUNDLE_IDENTIFIER = com.libruce.icered.tests;
				PRODUCT_NAME = "$(TARGET_NAME)";
				SDKROOT = iphoneos;
				SWIFT_EMIT_LOC_STRINGS = NO;
				SWIFT_VERSION = 5.9;
				TARGETED_DEVICE_FAMILY = "1,2";
				TEST_HOST = "$(BUILT_PRODUCTS_DIR)/ICERED.app/$(BUNDLE_EXECUTABLE_FOLDER_PATH)/ICERED";
			};
			name = Release;
		};
/* End XCBuildConfiguration section */

/* Begin XCConfigurationList section */
		4A7D2CDB1817529D32222B3E /* Build configuration list for PBXNativeTarget "ICERED" */ = {
			isa = XCConfigurationList;
			buildConfigurations = (
				4ADA5697A841C13D0556453E /* Debug */,
				7CD5AA6292E642136E070DE2 /* Release */,
			);
			defaultConfigurationIsVisible = 0;
			defaultConfigurationName = Debug;
		};
		7D8C2CF219822CAE12227F06 /* Build configuration list for PBXProject "ICERED" */ = {
			isa = XCConfigurationList;
			buildConfigurations = (
				80825814EBE9A4A0B8305E6B /* Debug */,
				134392A9F3A84E090881AB8A /* Release */,
			);
			defaultConfigurationIsVisible = 0;
			defaultConfigurationName = Debug;
		};
		T3ST00000001C0NF1GL1ST01 /* Build configuration list for PBXNativeTarget "ICEREDTests" */ = {
			isa = XCConfigurationList;
			buildConfigurations = (
				T3ST00000001C0NF1GD3BUG1 /* Debug */,
				T3ST00000001C0NF1GR3L3S1 /* Release */,
			);
			defaultConfigurationIsVisible = 0;
			defaultConfigurationName = Debug;
		};
/* End XCConfigurationList section */

/* Begin XCRemoteSwiftPackageReference section */
		6F31D960E8920F9EA1157343 /* XCRemoteSwiftPackageReference "AgoraRtcEngine_iOS" */ = {
			isa = XCRemoteSwiftPackageReference;
			repositoryURL = "https://github.com/AgoraIO/AgoraRtcEngine_iOS";
			requirement = {
				kind = exactVersion;
				version = 4.5.0;
			};
		};
/* End XCRemoteSwiftPackageReference section */

/* Begin XCSwiftPackageProductDependency section */
		993B7693D000A65F41AB0A29 /* RtcBasic */ = {
			isa = XCSwiftPackageProductDependency;
			package = 6F31D960E8920F9EA1157343 /* XCRemoteSwiftPackageReference "AgoraRtcEngine_iOS" */;
			productName = RtcBasic;
		};
/* End XCSwiftPackageProductDependency section */
	};
	rootObject = 0E48B1C79A478A03E910CD0B /* Project object */;
}
